PODS:
  - AFNetworking (2.5.0):
    - AFNetworking/NSURLConnection (= 2.5.0)
    - AFNetworking/NSURLSession (= 2.5.0)
    - AFNetworking/Reachability (= 2.5.0)
    - AFNetworking/Security (= 2.5.0)
    - AFNetworking/Serialization (= 2.5.0)
    - AFNetworking/UIKit (= 2.5.0)
  - AFNetworking/NSURLConnection (2.5.0):
    - AFNetworking/Reachability
    - AFNetworking/Security
    - AFNetworking/Serialization
  - AFNetworking/NSURLSession (2.5.0):
    - AFNetworking/Reachability
    - AFNetworking/Security
    - AFNetworking/Serialization
  - AFNetworking/Reachability (2.5.0)
  - AFNetworking/Security (2.5.0)
  - AFNetworking/Serialization (2.5.0)
  - AFNetworking/UIKit (2.5.0):
    - AFNetworking/NSURLConnection
    - AFNetworking/NSURLSession
  - GHBigNum (0.1.4):
    - OpenSSL-gabriel (~> 1.0.1.j-2)
  - GHKit (1.0.20)
  - GRUnit (1.1.2)
  - libsodium (1.0.1)
  - Mantle (1.5.3):
    - Mantle/extobjc (= 1.5.3)
  - Mantle/extobjc (1.5.3)
  - MPMessagePack (1.0.5)
  - NAChloride (1.1.2):
    - libsodium
  - ObjectiveSugar (1.1.0)
  - OpenSSL-gabriel (1.0.1.j-2)
  - TSTripleSec (1.0.0):
    - MPMessagePack
    - NAChloride

DEPENDENCIES:
  - AFNetworking
  - GHBigNum
  - GHKit
  - GRUnit
  - Mantle
  - ObjectiveSugar
  - TSTripleSec

SPEC CHECKSUMS:
  AFNetworking: 0f54cb5d16ce38c1b76948faffb8d5fb705021c7
  GHBigNum: 9b4e8d8770bbb58e571319e82374763e670ed5ca
  GHKit: 9466c08deeb753e144bbbfac7f76be1b38175cb0
  GRUnit: daa7670b1af32fe97889b8ceedb8eba2f5d8726d
  libsodium: ac34cc59b942350fb1377380cfb31f05c3d6170e
  Mantle: 8d84cacd6c2a69ff6fbce985a2b51298a5495de3
  MPMessagePack: 9219faa657435f1b28a4a651dcb74f563d948324
  NAChloride: f5ec84c64efcdb5008f960d7d557dfac6c060a1d
  ObjectiveSugar: f48793f5902c77cfc02a4ce46d2e8ecddcad4dc2
  OpenSSL-gabriel: 98244ee135881a50ecde71747429a8b27ce242cd
  TSTripleSec: 7371672f757735ab696d8c0d0fc0d98b7a38059e

COCOAPODS: 0.35.0
