<?xml version="1.0" encoding="UTF-8"?>
<!DOCTYPE plist PUBLIC "-//Apple//DTD PLIST 1.0//EN" "http://www.apple.com/DTDs/PropertyList-1.0.dtd">
<plist version="1.0">
<dict>
	<key>archiveVersion</key>
	<string>1</string>
	<key>classes</key>
	<dict/>
	<key>objectVersion</key>
	<string>46</string>
	<key>objects</key>
	<dict>
		<key>004BC8F2198C36CD000C039B</key>
		<dict>
			<key>children</key>
			<array>
				<string>004BC94C198C416D000C039B</string>
				<string>004BC94B198C4032000C039B</string>
				<string>004BC946198C37FC000C039B</string>
				<string>004BC8FD198C36CD000C039B</string>
				<string>6B90446B984D47CE86ECF654</string>
				<string>004BC8FC198C36CD000C039B</string>
				<string>CD48A32A4DD2492CBBFC0B69</string>
				<string>5448E67988E0A97DF6E53C9B</string>
			</array>
			<key>isa</key>
			<string>PBXGroup</string>
			<key>sourceTree</key>
			<string>&lt;group&gt;</string>
		</dict>
		<key>004BC8F3198C36CD000C039B</key>
		<dict>
			<key>attributes</key>
			<dict>
				<key>LastUpgradeCheck</key>
				<string>0600</string>
				<key>ORGANIZATIONNAME</key>
				<string>Gabriel Handford</string>
				<key>TargetAttributes</key>
				<dict>
					<key>004BC8FA198C36CD000C039B</key>
					<dict>
						<key>CreatedOnToolsVersion</key>
						<string>6.0</string>
					</dict>
				</dict>
			</dict>
			<key>buildConfigurationList</key>
			<string>004BC8F6198C36CD000C039B</string>
			<key>compatibilityVersion</key>
			<string>Xcode 3.2</string>
			<key>developmentRegion</key>
			<string>English</string>
			<key>hasScannedForEncodings</key>
			<string>0</string>
			<key>isa</key>
			<string>PBXProject</string>
			<key>knownRegions</key>
			<array>
				<string>en</string>
			</array>
			<key>mainGroup</key>
			<string>004BC8F2198C36CD000C039B</string>
			<key>productRefGroup</key>
			<string>004BC8FC198C36CD000C039B</string>
			<key>projectDirPath</key>
			<string></string>
			<key>projectReferences</key>
			<array/>
			<key>projectRoot</key>
			<string></string>
			<key>targets</key>
			<array>
				<string>004BC8FA198C36CD000C039B</string>
				<string>FCC00B86A5814C7089C99512</string>
			</array>
		</dict>
		<key>004BC8F6198C36CD000C039B</key>
		<dict>
			<key>buildConfigurations</key>
			<array>
				<string>004BC90D198C36CD000C039B</string>
				<string>004BC90E198C36CD000C039B</string>
			</array>
			<key>defaultConfigurationIsVisible</key>
			<string>0</string>
			<key>defaultConfigurationName</key>
			<string>Release</string>
			<key>isa</key>
			<string>XCConfigurationList</string>
		</dict>
		<key>004BC8F7198C36CD000C039B</key>
		<dict>
			<key>buildActionMask</key>
			<string>2147483647</string>
			<key>files</key>
			<array>
				<string>004BC945198C37CD000C039B</string>
				<string>004BC944198C37CD000C039B</string>
				<string>004BC93B198C37CD000C039B</string>
				<string>004BC941198C37CD000C039B</string>
				<string>004BC939198C37CD000C039B</string>
				<string>004BC937198C37CD000C039B</string>
				<string>0054F1401990180D00908F74</string>
				<string>0054F13C1990176700908F74</string>
				<string>004BC936198C37CD000C039B</string>
				<string>004BC93E198C37CD000C039B</string>
				<string>004BC942198C37CD000C039B</string>
				<string>004BC940198C37CD000C039B</string>
				<string>004BC943198C37CD000C039B</string>
				<string>004BC93D198C37CD000C039B</string>
				<string>004BC93C198C37CD000C039B</string>
				<string>0080099619AF1C7B002CFF4F</string>
			</array>
			<key>isa</key>
			<string>PBXSourcesBuildPhase</string>
			<key>runOnlyForDeploymentPostprocessing</key>
			<string>0</string>
		</dict>
		<key>004BC8F8198C36CD000C039B</key>
		<dict>
			<key>buildActionMask</key>
			<string>2147483647</string>
			<key>files</key>
			<array>
				<string>D073500E8E5C493FA561D3AB</string>
			</array>
			<key>isa</key>
			<string>PBXFrameworksBuildPhase</string>
			<key>runOnlyForDeploymentPostprocessing</key>
			<string>0</string>
		</dict>
		<key>004BC8F9198C36CD000C039B</key>
		<dict>
			<key>buildActionMask</key>
			<string>2147483647</string>
			<key>dstPath</key>
			<string>include/$(PRODUCT_NAME)</string>
			<key>dstSubfolderSpec</key>
			<string>16</string>
			<key>files</key>
			<array>
				<string>004BC8FF198C36CD000C039B</string>
			</array>
			<key>isa</key>
			<string>PBXCopyFilesBuildPhase</string>
			<key>runOnlyForDeploymentPostprocessing</key>
			<string>0</string>
		</dict>
		<key>004BC8FA198C36CD000C039B</key>
		<dict>
			<key>buildConfigurationList</key>
			<string>004BC90F198C36CD000C039B</string>
			<key>buildPhases</key>
			<array>
				<string>52E8A5DAD8224F0DA5625BDF</string>
				<string>004BC8F7198C36CD000C039B</string>
				<string>004BC8F8198C36CD000C039B</string>
				<string>004BC8F9198C36CD000C039B</string>
				<string>9023771B045F4EE5A066A57D</string>
			</array>
			<key>buildRules</key>
			<array/>
			<key>dependencies</key>
			<array/>
			<key>isa</key>
			<string>PBXNativeTarget</string>
			<key>name</key>
			<string>KBKeybase</string>
			<key>productName</key>
			<string>KBAPI</string>
			<key>productReference</key>
			<string>004BC8FB198C36CD000C039B</string>
			<key>productType</key>
			<string>com.apple.product-type.library.static</string>
		</dict>
		<key>004BC8FB198C36CD000C039B</key>
		<dict>
			<key>explicitFileType</key>
			<string>archive.ar</string>
			<key>includeInIndex</key>
			<string>0</string>
			<key>isa</key>
			<string>PBXFileReference</string>
			<key>path</key>
			<string>libKBKeybase.a</string>
			<key>sourceTree</key>
			<string>BUILT_PRODUCTS_DIR</string>
		</dict>
		<key>004BC8FC198C36CD000C039B</key>
		<dict>
			<key>children</key>
			<array>
				<string>004BC8FB198C36CD000C039B</string>
				<string>F976443DCCC0465D80021996</string>
			</array>
			<key>isa</key>
			<string>PBXGroup</string>
			<key>name</key>
			<string>Products</string>
			<key>sourceTree</key>
			<string>&lt;group&gt;</string>
		</dict>
		<key>004BC8FD198C36CD000C039B</key>
		<dict>
			<key>children</key>
			<array>
				<string>004BC915198C37CD000C039B</string>
				<string>004BC8FE198C36CD000C039B</string>
				<string>004BC929198C37CD000C039B</string>
				<string>004BC926198C37CD000C039B</string>
				<string>004BC928198C37CD000C039B</string>
				<string>004BC92B198C37CD000C039B</string>
				<string>004BC92E198C37CD000C039B</string>
				<string>004BC92C198C37CD000C039B</string>
				<string>004BC92F198C37CD000C039B</string>
				<string>004BC930198C37CD000C039B</string>
				<string>004BC931198C37CD000C039B</string>
				<string>004BC934198C37CD000C039B</string>
				<string>004BC933198C37CD000C039B</string>
				<string>004BC932198C37CD000C039B</string>
				<string>004BC935198C37CD000C039B</string>
				<string>004BC92D198C37CD000C039B</string>
			</array>
			<key>isa</key>
			<string>PBXGroup</string>
			<key>path</key>
			<string>KBKeybase</string>
			<key>sourceTree</key>
			<string>&lt;group&gt;</string>
		</dict>
		<key>004BC8FE198C36CD000C039B</key>
		<dict>
			<key>isa</key>
			<string>PBXFileReference</string>
			<key>lastKnownFileType</key>
			<string>sourcecode.c.h</string>
			<key>path</key>
			<string>KBKeybase.h</string>
			<key>sourceTree</key>
			<string>&lt;group&gt;</string>
		</dict>
		<key>004BC8FF198C36CD000C039B</key>
		<dict>
			<key>fileRef</key>
			<string>004BC8FE198C36CD000C039B</string>
			<key>isa</key>
			<string>PBXBuildFile</string>
		</dict>
		<key>004BC90D198C36CD000C039B</key>
		<dict>
			<key>buildSettings</key>
			<dict>
				<key>ALWAYS_SEARCH_USER_PATHS</key>
				<string>NO</string>
				<key>CLANG_CXX_LANGUAGE_STANDARD</key>
				<string>gnu++0x</string>
				<key>CLANG_CXX_LIBRARY</key>
				<string>libc++</string>
				<key>CLANG_ENABLE_MODULES</key>
				<string>YES</string>
				<key>CLANG_ENABLE_OBJC_ARC</key>
				<string>YES</string>
				<key>CLANG_WARN_BOOL_CONVERSION</key>
				<string>YES</string>
				<key>CLANG_WARN_CONSTANT_CONVERSION</key>
				<string>YES</string>
				<key>CLANG_WARN_DIRECT_OBJC_ISA_USAGE</key>
				<string>YES_ERROR</string>
				<key>CLANG_WARN_EMPTY_BODY</key>
				<string>YES</string>
				<key>CLANG_WARN_ENUM_CONVERSION</key>
				<string>YES</string>
				<key>CLANG_WARN_INT_CONVERSION</key>
				<string>YES</string>
				<key>CLANG_WARN_OBJC_ROOT_CLASS</key>
				<string>YES_ERROR</string>
				<key>CLANG_WARN_UNREACHABLE_CODE</key>
				<string>YES</string>
				<key>CLANG_WARN__DUPLICATE_METHOD_MATCH</key>
				<string>YES</string>
				<key>COPY_PHASE_STRIP</key>
				<string>NO</string>
				<key>ENABLE_STRICT_OBJC_MSGSEND</key>
				<string>YES</string>
				<key>GCC_C_LANGUAGE_STANDARD</key>
				<string>gnu99</string>
				<key>GCC_DYNAMIC_NO_PIC</key>
				<string>NO</string>
				<key>GCC_OPTIMIZATION_LEVEL</key>
				<string>0</string>
				<key>GCC_PREPROCESSOR_DEFINITIONS</key>
				<array>
					<string>DEBUG=1</string>
					<string>$(inherited)</string>
				</array>
				<key>GCC_SYMBOLS_PRIVATE_EXTERN</key>
				<string>NO</string>
				<key>GCC_WARN_64_TO_32_BIT_CONVERSION</key>
				<string>YES</string>
				<key>GCC_WARN_ABOUT_RETURN_TYPE</key>
				<string>YES_ERROR</string>
				<key>GCC_WARN_UNDECLARED_SELECTOR</key>
				<string>YES</string>
				<key>GCC_WARN_UNINITIALIZED_AUTOS</key>
				<string>YES_AGGRESSIVE</string>
				<key>GCC_WARN_UNUSED_FUNCTION</key>
				<string>YES</string>
				<key>GCC_WARN_UNUSED_VARIABLE</key>
				<string>YES</string>
				<key>IPHONEOS_DEPLOYMENT_TARGET</key>
				<string>8.0</string>
				<key>MTL_ENABLE_DEBUG_INFO</key>
				<string>YES</string>
				<key>ONLY_ACTIVE_ARCH</key>
				<string>YES</string>
				<key>SDKROOT</key>
				<string>iphoneos</string>
			</dict>
			<key>isa</key>
			<string>XCBuildConfiguration</string>
			<key>name</key>
			<string>Debug</string>
		</dict>
		<key>004BC90E198C36CD000C039B</key>
		<dict>
			<key>buildSettings</key>
			<dict>
				<key>ALWAYS_SEARCH_USER_PATHS</key>
				<string>NO</string>
				<key>CLANG_CXX_LANGUAGE_STANDARD</key>
				<string>gnu++0x</string>
				<key>CLANG_CXX_LIBRARY</key>
				<string>libc++</string>
				<key>CLANG_ENABLE_MODULES</key>
				<string>YES</string>
				<key>CLANG_ENABLE_OBJC_ARC</key>
				<string>YES</string>
				<key>CLANG_WARN_BOOL_CONVERSION</key>
				<string>YES</string>
				<key>CLANG_WARN_CONSTANT_CONVERSION</key>
				<string>YES</string>
				<key>CLANG_WARN_DIRECT_OBJC_ISA_USAGE</key>
				<string>YES_ERROR</string>
				<key>CLANG_WARN_EMPTY_BODY</key>
				<string>YES</string>
				<key>CLANG_WARN_ENUM_CONVERSION</key>
				<string>YES</string>
				<key>CLANG_WARN_INT_CONVERSION</key>
				<string>YES</string>
				<key>CLANG_WARN_OBJC_ROOT_CLASS</key>
				<string>YES_ERROR</string>
				<key>CLANG_WARN_UNREACHABLE_CODE</key>
				<string>YES</string>
				<key>CLANG_WARN__DUPLICATE_METHOD_MATCH</key>
				<string>YES</string>
				<key>COPY_PHASE_STRIP</key>
				<string>YES</string>
				<key>ENABLE_NS_ASSERTIONS</key>
				<string>NO</string>
				<key>ENABLE_STRICT_OBJC_MSGSEND</key>
				<string>YES</string>
				<key>GCC_C_LANGUAGE_STANDARD</key>
				<string>gnu99</string>
				<key>GCC_WARN_64_TO_32_BIT_CONVERSION</key>
				<string>YES</string>
				<key>GCC_WARN_ABOUT_RETURN_TYPE</key>
				<string>YES_ERROR</string>
				<key>GCC_WARN_UNDECLARED_SELECTOR</key>
				<string>YES</string>
				<key>GCC_WARN_UNINITIALIZED_AUTOS</key>
				<string>YES_AGGRESSIVE</string>
				<key>GCC_WARN_UNUSED_FUNCTION</key>
				<string>YES</string>
				<key>GCC_WARN_UNUSED_VARIABLE</key>
				<string>YES</string>
				<key>IPHONEOS_DEPLOYMENT_TARGET</key>
				<string>8.0</string>
				<key>MTL_ENABLE_DEBUG_INFO</key>
				<string>NO</string>
				<key>SDKROOT</key>
				<string>iphoneos</string>
				<key>VALIDATE_PRODUCT</key>
				<string>YES</string>
			</dict>
			<key>isa</key>
			<string>XCBuildConfiguration</string>
			<key>name</key>
			<string>Release</string>
		</dict>
		<key>004BC90F198C36CD000C039B</key>
		<dict>
			<key>buildConfigurations</key>
			<array>
				<string>004BC910198C36CD000C039B</string>
				<string>004BC911198C36CD000C039B</string>
			</array>
			<key>defaultConfigurationIsVisible</key>
			<string>0</string>
			<key>defaultConfigurationName</key>
			<string>Release</string>
			<key>isa</key>
			<string>XCConfigurationList</string>
		</dict>
		<key>004BC910198C36CD000C039B</key>
		<dict>
			<key>baseConfigurationReference</key>
			<string>AAA5BCC6B58F8E244E8AE657</string>
			<key>buildSettings</key>
			<dict>
				<key>IPHONEOS_DEPLOYMENT_TARGET</key>
				<string>7.0</string>
				<key>PRODUCT_NAME</key>
				<string>KBKeybase</string>
				<key>SKIP_INSTALL</key>
				<string>YES</string>
			</dict>
			<key>isa</key>
			<string>XCBuildConfiguration</string>
			<key>name</key>
			<string>Debug</string>
		</dict>
		<key>004BC911198C36CD000C039B</key>
		<dict>
			<key>baseConfigurationReference</key>
			<string>B29DA3C7E1110D81248E334B</string>
			<key>buildSettings</key>
			<dict>
				<key>IPHONEOS_DEPLOYMENT_TARGET</key>
				<string>7.0</string>
				<key>PRODUCT_NAME</key>
				<string>KBKeybase</string>
				<key>SKIP_INSTALL</key>
				<string>YES</string>
			</dict>
			<key>isa</key>
			<string>XCBuildConfiguration</string>
			<key>name</key>
			<string>Release</string>
		</dict>
		<key>004BC915198C37CD000C039B</key>
		<dict>
			<key>children</key>
			<array>
				<string>004BC916198C37CD000C039B</string>
				<string>004BC917198C37CD000C039B</string>
				<string>004BC918198C37CD000C039B</string>
				<string>004BC919198C37CD000C039B</string>
				<string>004BC91C198C37CD000C039B</string>
				<string>004BC91D198C37CD000C039B</string>
				<string>004BC920198C37CD000C039B</string>
				<string>004BC921198C37CD000C039B</string>
				<string>004BC922198C37CD000C039B</string>
				<string>004BC923198C37CD000C039B</string>
				<string>004BC924198C37CD000C039B</string>
				<string>004BC925198C37CD000C039B</string>
				<string>0054F13A1990176700908F74</string>
				<string>0054F13B1990176700908F74</string>
				<string>0054F13F1990180D00908F74</string>
				<string>0054F13E1990180D00908F74</string>
				<string>0080099419AF1C7B002CFF4F</string>
				<string>0080099519AF1C7B002CFF4F</string>
			</array>
			<key>isa</key>
			<string>PBXGroup</string>
			<key>path</key>
			<string>Models</string>
			<key>sourceTree</key>
			<string>&lt;group&gt;</string>
		</dict>
		<key>004BC916198C37CD000C039B</key>
		<dict>
			<key>fileEncoding</key>
			<string>4</string>
			<key>isa</key>
			<string>PBXFileReference</string>
			<key>lastKnownFileType</key>
			<string>sourcecode.c.h</string>
			<key>path</key>
			<string>KBBitcoinAddress.h</string>
			<key>sourceTree</key>
			<string>&lt;group&gt;</string>
		</dict>
		<key>004BC917198C37CD000C039B</key>
		<dict>
			<key>fileEncoding</key>
			<string>4</string>
			<key>isa</key>
			<string>PBXFileReference</string>
			<key>lastKnownFileType</key>
			<string>sourcecode.c.objc</string>
			<key>path</key>
			<string>KBBitcoinAddress.m</string>
			<key>sourceTree</key>
			<string>&lt;group&gt;</string>
		</dict>
		<key>004BC918198C37CD000C039B</key>
		<dict>
			<key>fileEncoding</key>
			<string>4</string>
			<key>isa</key>
			<string>PBXFileReference</string>
			<key>lastKnownFileType</key>
			<string>sourcecode.c.h</string>
			<key>path</key>
			<string>KBImage.h</string>
			<key>sourceTree</key>
			<string>&lt;group&gt;</string>
		</dict>
		<key>004BC919198C37CD000C039B</key>
		<dict>
			<key>fileEncoding</key>
			<string>4</string>
			<key>isa</key>
			<string>PBXFileReference</string>
			<key>lastKnownFileType</key>
			<string>sourcecode.c.objc</string>
			<key>path</key>
			<string>KBImage.m</string>
			<key>sourceTree</key>
			<string>&lt;group&gt;</string>
		</dict>
		<key>004BC91C198C37CD000C039B</key>
		<dict>
			<key>fileEncoding</key>
			<string>4</string>
			<key>isa</key>
			<string>PBXFileReference</string>
			<key>lastKnownFileType</key>
			<string>sourcecode.c.h</string>
			<key>path</key>
			<string>KBProof.h</string>
			<key>sourceTree</key>
			<string>&lt;group&gt;</string>
		</dict>
		<key>004BC91D198C37CD000C039B</key>
		<dict>
			<key>fileEncoding</key>
			<string>4</string>
			<key>isa</key>
			<string>PBXFileReference</string>
			<key>lastKnownFileType</key>
			<string>sourcecode.c.objc</string>
			<key>path</key>
			<string>KBProof.m</string>
			<key>sourceTree</key>
			<string>&lt;group&gt;</string>
		</dict>
		<key>004BC920198C37CD000C039B</key>
		<dict>
			<key>fileEncoding</key>
			<string>4</string>
			<key>isa</key>
			<string>PBXFileReference</string>
			<key>lastKnownFileType</key>
			<string>sourcecode.c.h</string>
			<key>path</key>
			<string>KBSessionUser.h</string>
			<key>sourceTree</key>
			<string>&lt;group&gt;</string>
		</dict>
		<key>004BC921198C37CD000C039B</key>
		<dict>
			<key>fileEncoding</key>
			<string>4</string>
			<key>isa</key>
			<string>PBXFileReference</string>
			<key>lastKnownFileType</key>
			<string>sourcecode.c.objc</string>
			<key>path</key>
			<string>KBSessionUser.m</string>
			<key>sourceTree</key>
			<string>&lt;group&gt;</string>
		</dict>
		<key>004BC922198C37CD000C039B</key>
		<dict>
			<key>fileEncoding</key>
			<string>4</string>
			<key>isa</key>
			<string>PBXFileReference</string>
			<key>lastKnownFileType</key>
			<string>sourcecode.c.h</string>
			<key>path</key>
			<string>KBSignature.h</string>
			<key>sourceTree</key>
			<string>&lt;group&gt;</string>
		</dict>
		<key>004BC923198C37CD000C039B</key>
		<dict>
			<key>fileEncoding</key>
			<string>4</string>
			<key>isa</key>
			<string>PBXFileReference</string>
			<key>lastKnownFileType</key>
			<string>sourcecode.c.objc</string>
			<key>path</key>
			<string>KBSignature.m</string>
			<key>sourceTree</key>
			<string>&lt;group&gt;</string>
		</dict>
		<key>004BC924198C37CD000C039B</key>
		<dict>
			<key>fileEncoding</key>
			<string>4</string>
			<key>isa</key>
			<string>PBXFileReference</string>
			<key>lastKnownFileType</key>
			<string>sourcecode.c.h</string>
			<key>path</key>
			<string>KBUser.h</string>
			<key>sourceTree</key>
			<string>&lt;group&gt;</string>
		</dict>
		<key>004BC925198C37CD000C039B</key>
		<dict>
			<key>fileEncoding</key>
			<string>4</string>
			<key>isa</key>
			<string>PBXFileReference</string>
			<key>lastKnownFileType</key>
			<string>sourcecode.c.objc</string>
			<key>path</key>
			<string>KBUser.m</string>
			<key>sourceTree</key>
			<string>&lt;group&gt;</string>
		</dict>
		<key>004BC926198C37CD000C039B</key>
		<dict>
			<key>fileEncoding</key>
			<string>4</string>
			<key>isa</key>
			<string>PBXFileReference</string>
			<key>lastKnownFileType</key>
			<string>sourcecode.c.objc</string>
			<key>path</key>
			<string>KBClient.m</string>
			<key>sourceTree</key>
			<string>&lt;group&gt;</string>
		</dict>
		<key>004BC928198C37CD000C039B</key>
		<dict>
			<key>fileEncoding</key>
			<string>4</string>
			<key>isa</key>
			<string>PBXFileReference</string>
			<key>lastKnownFileType</key>
			<string>sourcecode.c.h</string>
			<key>path</key>
			<string>KBClientKeyRing.h</string>
			<key>sourceTree</key>
			<string>&lt;group&gt;</string>
		</dict>
		<key>004BC929198C37CD000C039B</key>
		<dict>
			<key>fileEncoding</key>
			<string>4</string>
			<key>isa</key>
			<string>PBXFileReference</string>
			<key>lastKnownFileType</key>
			<string>sourcecode.c.h</string>
			<key>path</key>
			<string>KBClient.h</string>
			<key>sourceTree</key>
			<string>&lt;group&gt;</string>
		</dict>
		<key>004BC92B198C37CD000C039B</key>
		<dict>
			<key>fileEncoding</key>
			<string>4</string>
			<key>isa</key>
			<string>PBXFileReference</string>
			<key>lastKnownFileType</key>
			<string>sourcecode.c.objc</string>
			<key>path</key>
			<string>KBClientKeyRing.m</string>
			<key>sourceTree</key>
			<string>&lt;group&gt;</string>
		</dict>
		<key>004BC92C198C37CD000C039B</key>
		<dict>
			<key>fileEncoding</key>
			<string>4</string>
			<key>isa</key>
			<string>PBXFileReference</string>
			<key>lastKnownFileType</key>
			<string>sourcecode.c.objc</string>
			<key>path</key>
			<string>KBSession.m</string>
			<key>sourceTree</key>
			<string>&lt;group&gt;</string>
		</dict>
		<key>004BC92D198C37CD000C039B</key>
		<dict>
			<key>fileEncoding</key>
			<string>4</string>
			<key>isa</key>
			<string>PBXFileReference</string>
			<key>lastKnownFileType</key>
			<string>sourcecode.c.objc</string>
			<key>path</key>
			<string>KBResponseSerializer.m</string>
			<key>sourceTree</key>
			<string>&lt;group&gt;</string>
		</dict>
		<key>004BC92E198C37CD000C039B</key>
		<dict>
			<key>fileEncoding</key>
			<string>4</string>
			<key>isa</key>
			<string>PBXFileReference</string>
			<key>lastKnownFileType</key>
			<string>sourcecode.c.h</string>
			<key>path</key>
			<string>KBSession.h</string>
			<key>sourceTree</key>
			<string>&lt;group&gt;</string>
		</dict>
		<key>004BC92F198C37CD000C039B</key>
		<dict>
			<key>fileEncoding</key>
			<string>4</string>
			<key>isa</key>
			<string>PBXFileReference</string>
			<key>lastKnownFileType</key>
			<string>sourcecode.c.h</string>
			<key>path</key>
			<string>KBKeychain.h</string>
			<key>sourceTree</key>
			<string>&lt;group&gt;</string>
		</dict>
		<key>004BC930198C37CD000C039B</key>
		<dict>
			<key>fileEncoding</key>
			<string>4</string>
			<key>isa</key>
			<string>PBXFileReference</string>
			<key>lastKnownFileType</key>
			<string>sourcecode.c.objc</string>
			<key>path</key>
			<string>KBKeychain.m</string>
			<key>sourceTree</key>
			<string>&lt;group&gt;</string>
		</dict>
		<key>004BC931198C37CD000C039B</key>
		<dict>
			<key>fileEncoding</key>
			<string>4</string>
			<key>isa</key>
			<string>PBXFileReference</string>
			<key>lastKnownFileType</key>
			<string>sourcecode.c.h</string>
			<key>path</key>
			<string>KBError.h</string>
			<key>sourceTree</key>
			<string>&lt;group&gt;</string>
		</dict>
		<key>004BC932198C37CD000C039B</key>
		<dict>
			<key>fileEncoding</key>
			<string>4</string>
			<key>isa</key>
			<string>PBXFileReference</string>
			<key>lastKnownFileType</key>
			<string>sourcecode.c.objc</string>
			<key>path</key>
			<string>KBRequestSerializer.m</string>
			<key>sourceTree</key>
			<string>&lt;group&gt;</string>
		</dict>
		<key>004BC933198C37CD000C039B</key>
		<dict>
			<key>fileEncoding</key>
			<string>4</string>
			<key>isa</key>
			<string>PBXFileReference</string>
			<key>lastKnownFileType</key>
			<string>sourcecode.c.h</string>
			<key>path</key>
			<string>KBRequestSerializer.h</string>
			<key>sourceTree</key>
			<string>&lt;group&gt;</string>
		</dict>
		<key>004BC934198C37CD000C039B</key>
		<dict>
			<key>fileEncoding</key>
			<string>4</string>
			<key>isa</key>
			<string>PBXFileReference</string>
			<key>lastKnownFileType</key>
			<string>sourcecode.c.objc</string>
			<key>path</key>
			<string>KBError.m</string>
			<key>sourceTree</key>
			<string>&lt;group&gt;</string>
		</dict>
		<key>004BC935198C37CD000C039B</key>
		<dict>
			<key>fileEncoding</key>
			<string>4</string>
			<key>isa</key>
			<string>PBXFileReference</string>
			<key>lastKnownFileType</key>
			<string>sourcecode.c.h</string>
			<key>path</key>
			<string>KBResponseSerializer.h</string>
			<key>sourceTree</key>
			<string>&lt;group&gt;</string>
		</dict>
		<key>004BC936198C37CD000C039B</key>
		<dict>
			<key>fileRef</key>
			<string>004BC917198C37CD000C039B</string>
			<key>isa</key>
			<string>PBXBuildFile</string>
		</dict>
		<key>004BC937198C37CD000C039B</key>
		<dict>
			<key>fileRef</key>
			<string>004BC919198C37CD000C039B</string>
			<key>isa</key>
			<string>PBXBuildFile</string>
		</dict>
		<key>004BC939198C37CD000C039B</key>
		<dict>
			<key>fileRef</key>
			<string>004BC91D198C37CD000C039B</string>
			<key>isa</key>
			<string>PBXBuildFile</string>
		</dict>
		<key>004BC93B198C37CD000C039B</key>
		<dict>
			<key>fileRef</key>
			<string>004BC921198C37CD000C039B</string>
			<key>isa</key>
			<string>PBXBuildFile</string>
		</dict>
		<key>004BC93C198C37CD000C039B</key>
		<dict>
			<key>fileRef</key>
			<string>004BC923198C37CD000C039B</string>
			<key>isa</key>
			<string>PBXBuildFile</string>
		</dict>
		<key>004BC93D198C37CD000C039B</key>
		<dict>
			<key>fileRef</key>
			<string>004BC925198C37CD000C039B</string>
			<key>isa</key>
			<string>PBXBuildFile</string>
		</dict>
		<key>004BC93E198C37CD000C039B</key>
		<dict>
			<key>fileRef</key>
			<string>004BC926198C37CD000C039B</string>
			<key>isa</key>
			<string>PBXBuildFile</string>
		</dict>
		<key>004BC940198C37CD000C039B</key>
		<dict>
			<key>fileRef</key>
			<string>004BC92B198C37CD000C039B</string>
			<key>isa</key>
			<string>PBXBuildFile</string>
		</dict>
		<key>004BC941198C37CD000C039B</key>
		<dict>
			<key>fileRef</key>
			<string>004BC92C198C37CD000C039B</string>
			<key>isa</key>
			<string>PBXBuildFile</string>
		</dict>
		<key>004BC942198C37CD000C039B</key>
		<dict>
			<key>fileRef</key>
			<string>004BC92D198C37CD000C039B</string>
			<key>isa</key>
			<string>PBXBuildFile</string>
		</dict>
		<key>004BC943198C37CD000C039B</key>
		<dict>
			<key>fileRef</key>
			<string>004BC930198C37CD000C039B</string>
			<key>isa</key>
			<string>PBXBuildFile</string>
		</dict>
		<key>004BC944198C37CD000C039B</key>
		<dict>
			<key>fileRef</key>
			<string>004BC932198C37CD000C039B</string>
			<key>isa</key>
			<string>PBXBuildFile</string>
		</dict>
		<key>004BC945198C37CD000C039B</key>
		<dict>
			<key>fileRef</key>
			<string>004BC934198C37CD000C039B</string>
			<key>isa</key>
			<string>PBXBuildFile</string>
		</dict>
		<key>004BC946198C37FC000C039B</key>
		<dict>
			<key>fileEncoding</key>
			<string>4</string>
			<key>isa</key>
			<string>PBXFileReference</string>
			<key>lastKnownFileType</key>
			<string>text</string>
			<key>path</key>
			<string>Podfile</string>
			<key>sourceTree</key>
			<string>&lt;group&gt;</string>
			<key>xcLanguageSpecificationIdentifier</key>
			<string>xcode.lang.ruby</string>
		</dict>
		<key>004BC94B198C4032000C039B</key>
		<dict>
			<key>fileEncoding</key>
			<string>4</string>
			<key>isa</key>
			<string>PBXFileReference</string>
			<key>lastKnownFileType</key>
			<string>text</string>
			<key>path</key>
			<string>KBKeybase.podspec</string>
			<key>sourceTree</key>
			<string>&lt;group&gt;</string>
		</dict>
		<key>004BC94C198C416D000C039B</key>
		<dict>
			<key>fileEncoding</key>
			<string>4</string>
			<key>isa</key>
			<string>PBXFileReference</string>
			<key>lastKnownFileType</key>
			<string>net.daringfireball.markdown</string>
			<key>path</key>
			<string>README.md</string>
			<key>sourceTree</key>
			<string>&lt;group&gt;</string>
		</dict>
		<key>0054F13A1990176700908F74</key>
		<dict>
			<key>fileEncoding</key>
			<string>4</string>
			<key>isa</key>
			<string>PBXFileReference</string>
			<key>lastKnownFileType</key>
			<string>sourcecode.c.h</string>
			<key>path</key>
			<string>KBPrivateKey.h</string>
			<key>sourceTree</key>
			<string>&lt;group&gt;</string>
		</dict>
		<key>0054F13B1990176700908F74</key>
		<dict>
			<key>fileEncoding</key>
			<string>4</string>
			<key>isa</key>
			<string>PBXFileReference</string>
			<key>lastKnownFileType</key>
			<string>sourcecode.c.objc</string>
			<key>path</key>
			<string>KBPrivateKey.m</string>
			<key>sourceTree</key>
			<string>&lt;group&gt;</string>
		</dict>
		<key>0054F13C1990176700908F74</key>
		<dict>
			<key>fileRef</key>
			<string>0054F13B1990176700908F74</string>
			<key>isa</key>
			<string>PBXBuildFile</string>
		</dict>
		<key>0054F13D1990176700908F74</key>
		<dict>
			<key>fileRef</key>
			<string>0054F13B1990176700908F74</string>
			<key>isa</key>
			<string>PBXBuildFile</string>
		</dict>
		<key>0054F13E1990180D00908F74</key>
		<dict>
			<key>fileEncoding</key>
			<string>4</string>
			<key>isa</key>
			<string>PBXFileReference</string>
			<key>lastKnownFileType</key>
			<string>sourcecode.c.objc</string>
			<key>path</key>
			<string>KBPublicKey.m</string>
			<key>sourceTree</key>
			<string>&lt;group&gt;</string>
		</dict>
		<key>0054F13F1990180D00908F74</key>
		<dict>
			<key>fileEncoding</key>
			<string>4</string>
			<key>isa</key>
			<string>PBXFileReference</string>
			<key>lastKnownFileType</key>
			<string>sourcecode.c.h</string>
			<key>path</key>
			<string>KBPublicKey.h</string>
			<key>sourceTree</key>
			<string>&lt;group&gt;</string>
		</dict>
		<key>0054F1401990180D00908F74</key>
		<dict>
			<key>fileRef</key>
			<string>0054F13E1990180D00908F74</string>
			<key>isa</key>
			<string>PBXBuildFile</string>
		</dict>
		<key>0054F1411990180D00908F74</key>
		<dict>
			<key>fileRef</key>
			<string>0054F13E1990180D00908F74</string>
			<key>isa</key>
			<string>PBXBuildFile</string>
		</dict>
		<key>0054F1541991503600908F74</key>
		<dict>
			<key>children</key>
			<array>
				<string>0054F1551991505800908F74</string>
				<string>0054F1571991506900908F74</string>
			</array>
			<key>isa</key>
			<string>PBXGroup</string>
			<key>name</key>
			<string>Data</string>
			<key>path</key>
			<string>Tests/Data</string>
			<key>sourceTree</key>
			<string>&lt;group&gt;</string>
		</dict>
		<key>0054F1551991505800908F74</key>
		<dict>
			<key>fileEncoding</key>
			<string>4</string>
			<key>isa</key>
			<string>PBXFileReference</string>
			<key>lastKnownFileType</key>
			<string>text.json</string>
			<key>path</key>
			<string>gabrielhlocal2_private.json</string>
			<key>sourceTree</key>
			<string>&lt;group&gt;</string>
		</dict>
		<key>0054F1561991505800908F74</key>
		<dict>
			<key>fileRef</key>
			<string>0054F1551991505800908F74</string>
			<key>isa</key>
			<string>PBXBuildFile</string>
		</dict>
		<key>0054F1571991506900908F74</key>
		<dict>
			<key>fileEncoding</key>
			<string>4</string>
			<key>isa</key>
			<string>PBXFileReference</string>
			<key>lastKnownFileType</key>
			<string>text.json</string>
			<key>path</key>
			<string>gabrielhlocal2_public.json</string>
			<key>sourceTree</key>
			<string>&lt;group&gt;</string>
		</dict>
		<key>0054F1581991506900908F74</key>
		<dict>
			<key>fileRef</key>
			<string>0054F1571991506900908F74</string>
			<key>isa</key>
			<string>PBXBuildFile</string>
		</dict>
		<key>0080099419AF1C7B002CFF4F</key>
		<dict>
			<key>fileEncoding</key>
			<string>4</string>
			<key>isa</key>
			<string>PBXFileReference</string>
			<key>lastKnownFileType</key>
			<string>sourcecode.c.h</string>
			<key>path</key>
			<string>KBSearchResult.h</string>
			<key>sourceTree</key>
			<string>&lt;group&gt;</string>
		</dict>
		<key>0080099519AF1C7B002CFF4F</key>
		<dict>
			<key>fileEncoding</key>
			<string>4</string>
			<key>isa</key>
			<string>PBXFileReference</string>
			<key>lastKnownFileType</key>
			<string>sourcecode.c.objc</string>
			<key>path</key>
			<string>KBSearchResult.m</string>
			<key>sourceTree</key>
			<string>&lt;group&gt;</string>
		</dict>
		<key>0080099619AF1C7B002CFF4F</key>
		<dict>
			<key>fileRef</key>
			<string>0080099519AF1C7B002CFF4F</string>
			<key>isa</key>
			<string>PBXBuildFile</string>
		</dict>
		<key>0080099719AF1C7B002CFF4F</key>
		<dict>
			<key>fileRef</key>
			<string>0080099519AF1C7B002CFF4F</string>
			<key>isa</key>
			<string>PBXBuildFile</string>
		</dict>
		<key>04AF233E14104792ACC8B738</key>
		<dict>
			<key>includeInIndex</key>
			<string>1</string>
			<key>isa</key>
			<string>PBXFileReference</string>
			<key>lastKnownFileType</key>
			<string>sourcecode.c.objc</string>
			<key>name</key>
			<string>KBClientTest.m</string>
			<key>path</key>
			<string>Tests/KBClientTest.m</string>
			<key>sourceTree</key>
			<string>&lt;group&gt;</string>
		</dict>
		<key>070E02182A8B4345B3EA93AD</key>
		<dict>
			<key>fileRef</key>
			<string>004BC932198C37CD000C039B</string>
			<key>isa</key>
			<string>PBXBuildFile</string>
		</dict>
		<key>0919B5DAD278B400BC23B0A3</key>
		<dict>
			<key>includeInIndex</key>
			<string>1</string>
			<key>isa</key>
			<string>PBXFileReference</string>
			<key>lastKnownFileType</key>
			<string>text.xcconfig</string>
			<key>name</key>
			<string>Pods-Tests.debug.xcconfig</string>
			<key>path</key>
			<string>Pods/Target Support Files/Pods-Tests/Pods-Tests.debug.xcconfig</string>
			<key>sourceTree</key>
			<string>&lt;group&gt;</string>
		</dict>
		<key>0D8B5B8F639A474D94DB2DCD</key>
		<dict>
			<key>fileRef</key>
			<string>004BC91D198C37CD000C039B</string>
			<key>isa</key>
			<string>PBXBuildFile</string>
		</dict>
		<key>1CFB3DCE9C4248A4BF240301</key>
		<dict>
			<key>buildActionMask</key>
			<string>2147483647</string>
			<key>files</key>
			<array>
				<string>0054F13D1990176700908F74</string>
				<string>B2EAB5CD13004D8CBA822AED</string>
				<string>AAE89D2D7C614CAABCA8C939</string>
				<string>545654A16F3C4A14850265DA</string>
				<string>070E02182A8B4345B3EA93AD</string>
				<string>487829F2847A4A58921E596B</string>
				<string>69C24E1E1A0F4A4386CE664A</string>
				<string>0D8B5B8F639A474D94DB2DCD</string>
				<string>6AE362C939294C7B9008B5AC</string>
				<string>0054F1411990180D00908F74</string>
				<string>2959C66E163043BFAE8F53BD</string>
				<string>BA3288CB01BD4528B111154A</string>
				<string>971E18FE89FE400D9F67AE81</string>
				<string>0080099719AF1C7B002CFF4F</string>
				<string>5BA43C69E838427684F990FD</string>
				<string>BF039272AA6247DCB7CA98A3</string>
				<string>F2C0592332AE492CB2470E1B</string>
				<string>4971423FBE0146EEA5EF69E3</string>
			</array>
			<key>isa</key>
			<string>PBXSourcesBuildPhase</string>
			<key>runOnlyForDeploymentPostprocessing</key>
			<string>0</string>
		</dict>
		<key>2959C66E163043BFAE8F53BD</key>
		<dict>
			<key>fileRef</key>
			<string>004BC917198C37CD000C039B</string>
			<key>isa</key>
			<string>PBXBuildFile</string>
		</dict>
		<key>3DA8BEF39A6B47CEBE626660</key>
		<dict>
			<key>isa</key>
			<string>PBXFileReference</string>
			<key>lastKnownFileType</key>
			<string>wrapper.framework</string>
			<key>name</key>
			<string>Foundation.framework</string>
			<key>path</key>
			<string>Platforms/iPhoneOS.platform/Developer/SDKs/iPhoneOS7.1.sdk/System/Library/Frameworks/Foundation.framework</string>
			<key>sourceTree</key>
			<string>DEVELOPER_DIR</string>
		</dict>
		<key>487829F2847A4A58921E596B</key>
		<dict>
			<key>fileRef</key>
			<string>004BC921198C37CD000C039B</string>
			<key>isa</key>
			<string>PBXBuildFile</string>
		</dict>
		<key>4971423FBE0146EEA5EF69E3</key>
		<dict>
			<key>fileRef</key>
			<string>004BC923198C37CD000C039B</string>
			<key>isa</key>
			<string>PBXBuildFile</string>
		</dict>
		<key>52E8A5DAD8224F0DA5625BDF</key>
		<dict>
			<key>buildActionMask</key>
			<string>2147483647</string>
			<key>files</key>
			<array/>
			<key>inputPaths</key>
			<array/>
			<key>isa</key>
			<string>PBXShellScriptBuildPhase</string>
			<key>name</key>
			<string>Check Pods Manifest.lock</string>
			<key>outputPaths</key>
			<array/>
			<key>runOnlyForDeploymentPostprocessing</key>
			<string>0</string>
			<key>shellPath</key>
			<string>/bin/sh</string>
			<key>shellScript</key>
			<string>diff "${PODS_ROOT}/../Podfile.lock" "${PODS_ROOT}/Manifest.lock" &gt; /dev/null
if [[ $? != 0 ]] ; then
    cat &lt;&lt; EOM
error: The sandbox is not in sync with the Podfile.lock. Run 'pod install' or update your CocoaPods installation.
EOM
    exit 1
fi
</string>
			<key>showEnvVarsInLog</key>
			<string>0</string>
		</dict>
		<key>5448E67988E0A97DF6E53C9B</key>
		<dict>
			<key>children</key>
			<array>
				<string>AAA5BCC6B58F8E244E8AE657</string>
				<string>B29DA3C7E1110D81248E334B</string>
				<string>AEE370DB9B1D2F618C91D553</string>
				<string>0919B5DAD278B400BC23B0A3</string>
			</array>
			<key>isa</key>
			<string>PBXGroup</string>
			<key>name</key>
			<string>Pods</string>
			<key>sourceTree</key>
			<string>&lt;group&gt;</string>
		</dict>
		<key>545654A16F3C4A14850265DA</key>
		<dict>
			<key>fileRef</key>
			<string>004BC934198C37CD000C039B</string>
			<key>isa</key>
			<string>PBXBuildFile</string>
		</dict>
		<key>57157AD60D3E433EACC6C990</key>
		<dict>
			<key>buildActionMask</key>
			<string>2147483647</string>
			<key>files</key>
			<array>
				<string>CA3E614B151B434986E22987</string>
				<string>93ACD719B5C94F7CB378314A</string>
			</array>
			<key>isa</key>
			<string>PBXFrameworksBuildPhase</string>
			<key>runOnlyForDeploymentPostprocessing</key>
			<string>0</string>
		</dict>
		<key>5BA43C69E838427684F990FD</key>
		<dict>
			<key>fileRef</key>
			<string>004BC92B198C37CD000C039B</string>
			<key>isa</key>
			<string>PBXBuildFile</string>
		</dict>
		<key>682E0287DD784D05B59E92B2</key>
		<dict>
			<key>children</key>
			<array>
				<string>3DA8BEF39A6B47CEBE626660</string>
			</array>
			<key>isa</key>
			<string>PBXGroup</string>
			<key>name</key>
			<string>iOS</string>
			<key>sourceTree</key>
			<string>&lt;group&gt;</string>
		</dict>
		<key>69C24E1E1A0F4A4386CE664A</key>
		<dict>
			<key>fileRef</key>
			<string>004BC92C198C37CD000C039B</string>
			<key>isa</key>
			<string>PBXBuildFile</string>
		</dict>
		<key>6AE362C939294C7B9008B5AC</key>
		<dict>
			<key>fileRef</key>
			<string>004BC919198C37CD000C039B</string>
			<key>isa</key>
			<string>PBXBuildFile</string>
		</dict>
		<key>6B90446B984D47CE86ECF654</key>
		<dict>
			<key>children</key>
			<array>
				<string>0054F1541991503600908F74</string>
				<string>B037BD03463B42FF88CC9C7A</string>
				<string>04AF233E14104792ACC8B738</string>
			</array>
			<key>isa</key>
			<string>PBXGroup</string>
			<key>name</key>
			<string>Tests</string>
			<key>sourceTree</key>
			<string>&lt;group&gt;</string>
		</dict>
		<key>722CCDE28A904ACD90A76CC2</key>
		<dict>
			<key>baseConfigurationReference</key>
			<string>AEE370DB9B1D2F618C91D553</string>
			<key>buildSettings</key>
			<dict>
				<key>ALWAYS_SEARCH_USER_PATHS</key>
				<string>NO</string>
				<key>COPY_PHASE_STRIP</key>
				<string>YES</string>
				<key>DSTROOT</key>
				<string>/tmp/xcodeproj.dst</string>
				<key>GCC_C_LANGUAGE_STANDARD</key>
				<string>gnu99</string>
				<key>GCC_PRECOMPILE_PREFIX_HEADER</key>
				<string>YES</string>
				<key>GCC_VERSION</key>
				<string>com.apple.compilers.llvm.clang.1_0</string>
				<key>INFOPLIST_FILE</key>
				<string>Tests/Tests-Info.plist</string>
				<key>INSTALL_PATH</key>
				<string>$(BUILT_PRODUCTS_DIR)</string>
				<key>IPHONEOS_DEPLOYMENT_TARGET</key>
				<string>7.0</string>
				<key>OTHER_CFLAGS</key>
				<array>
					<string>-DNS_BLOCK_ASSERTIONS=1</string>
					<string>$(inherited)</string>
				</array>
				<key>OTHER_CPLUSPLUSFLAGS</key>
				<array>
					<string>-DNS_BLOCK_ASSERTIONS=1</string>
					<string>$(inherited)</string>
				</array>
				<key>PRODUCT_NAME</key>
				<string>$(TARGET_NAME)</string>
				<key>PUBLIC_HEADERS_FOLDER_PATH</key>
				<string>$(TARGET_NAME)</string>
				<key>SDKROOT</key>
				<string>iphoneos</string>
				<key>SKIP_INSTALL</key>
				<string>YES</string>
				<key>VALIDATE_PRODUCT</key>
				<string>YES</string>
			</dict>
			<key>isa</key>
			<string>XCBuildConfiguration</string>
			<key>name</key>
			<string>Release</string>
		</dict>
		<key>8211172EA1014DEA998CA1E3</key>
		<dict>
			<key>baseConfigurationReference</key>
			<string>0919B5DAD278B400BC23B0A3</string>
			<key>buildSettings</key>
			<dict>
				<key>ALWAYS_SEARCH_USER_PATHS</key>
				<string>NO</string>
				<key>COPY_PHASE_STRIP</key>
				<string>NO</string>
				<key>DSTROOT</key>
				<string>/tmp/xcodeproj.dst</string>
				<key>GCC_C_LANGUAGE_STANDARD</key>
				<string>gnu99</string>
				<key>GCC_DYNAMIC_NO_PIC</key>
				<string>NO</string>
				<key>GCC_OPTIMIZATION_LEVEL</key>
				<string>0</string>
				<key>GCC_PRECOMPILE_PREFIX_HEADER</key>
				<string>YES</string>
				<key>GCC_PREPROCESSOR_DEFINITIONS</key>
				<array>
					<string>DEBUG=1</string>
					<string>$(inherited)</string>
				</array>
				<key>GCC_SYMBOLS_PRIVATE_EXTERN</key>
				<string>NO</string>
				<key>GCC_VERSION</key>
				<string>com.apple.compilers.llvm.clang.1_0</string>
				<key>INFOPLIST_FILE</key>
				<string>Tests/Tests-Info.plist</string>
				<key>INSTALL_PATH</key>
				<string>$(BUILT_PRODUCTS_DIR)</string>
				<key>IPHONEOS_DEPLOYMENT_TARGET</key>
				<string>7.0</string>
				<key>PRODUCT_NAME</key>
				<string>$(TARGET_NAME)</string>
				<key>PUBLIC_HEADERS_FOLDER_PATH</key>
				<string>$(TARGET_NAME)</string>
				<key>SDKROOT</key>
				<string>iphoneos</string>
				<key>SKIP_INSTALL</key>
				<string>YES</string>
			</dict>
			<key>isa</key>
			<string>XCBuildConfiguration</string>
			<key>name</key>
			<string>Debug</string>
		</dict>
		<key>9023771B045F4EE5A066A57D</key>
		<dict>
			<key>buildActionMask</key>
			<string>2147483647</string>
			<key>files</key>
			<array/>
			<key>inputPaths</key>
			<array/>
			<key>isa</key>
			<string>PBXShellScriptBuildPhase</string>
			<key>name</key>
			<string>Copy Pods Resources</string>
			<key>outputPaths</key>
			<array/>
			<key>runOnlyForDeploymentPostprocessing</key>
			<string>0</string>
			<key>shellPath</key>
			<string>/bin/sh</string>
			<key>shellScript</key>
			<string>"${SRCROOT}/Pods/Target Support Files/Pods/Pods-resources.sh"
</string>
			<key>showEnvVarsInLog</key>
			<string>0</string>
		</dict>
		<key>93ACD719B5C94F7CB378314A</key>
		<dict>
			<key>fileRef</key>
			<string>CF3D4522CAC644C8B50E85D5</string>
			<key>isa</key>
			<string>PBXBuildFile</string>
		</dict>
		<key>93DDCE7908A44F308583DD62</key>
		<dict>
			<key>isa</key>
			<string>PBXTargetDependency</string>
			<key>target</key>
			<string>004BC8FA198C36CD000C039B</string>
			<key>targetProxy</key>
			<string>FC2736121F904C9DBE3BB04F</string>
		</dict>
		<key>971E18FE89FE400D9F67AE81</key>
		<dict>
			<key>fileRef</key>
			<string>004BC92D198C37CD000C039B</string>
			<key>isa</key>
			<string>PBXBuildFile</string>
		</dict>
		<key>9A1D49BD569241FBB7D0E687</key>
		<dict>
			<key>buildConfigurations</key>
			<array>
				<string>722CCDE28A904ACD90A76CC2</string>
				<string>8211172EA1014DEA998CA1E3</string>
			</array>
			<key>defaultConfigurationIsVisible</key>
			<string>0</string>
			<key>defaultConfigurationName</key>
			<string>Release</string>
			<key>isa</key>
			<string>XCConfigurationList</string>
		</dict>
		<key>9FD1CA94BC7F49B4B8972949</key>
		<dict>
			<key>buildActionMask</key>
			<string>2147483647</string>
			<key>files</key>
			<array/>
			<key>inputPaths</key>
			<array/>
			<key>isa</key>
			<string>PBXShellScriptBuildPhase</string>
			<key>name</key>
			<string>Copy Pods Resources</string>
			<key>outputPaths</key>
			<array/>
			<key>runOnlyForDeploymentPostprocessing</key>
			<string>0</string>
			<key>shellPath</key>
			<string>/bin/sh</string>
			<key>shellScript</key>
			<string>"${SRCROOT}/Pods/Target Support Files/Pods-Tests/Pods-Tests-resources.sh"
</string>
			<key>showEnvVarsInLog</key>
			<string>0</string>
		</dict>
		<key>A450EF128ED248D9BC42CE9B</key>
		<dict>
			<key>buildActionMask</key>
			<string>2147483647</string>
			<key>files</key>
			<array>
				<string>0054F1561991505800908F74</string>
				<string>0054F1581991506900908F74</string>
			</array>
			<key>isa</key>
			<string>PBXResourcesBuildPhase</string>
			<key>runOnlyForDeploymentPostprocessing</key>
			<string>0</string>
		</dict>
		<key>AAA5BCC6B58F8E244E8AE657</key>
		<dict>
			<key>includeInIndex</key>
			<string>1</string>
			<key>isa</key>
			<string>PBXFileReference</string>
			<key>lastKnownFileType</key>
			<string>text.xcconfig</string>
			<key>name</key>
			<string>Pods.debug.xcconfig</string>
			<key>path</key>
			<string>Pods/Target Support Files/Pods/Pods.debug.xcconfig</string>
			<key>sourceTree</key>
			<string>&lt;group&gt;</string>
		</dict>
		<key>AAE89D2D7C614CAABCA8C939</key>
		<dict>
			<key>fileRef</key>
			<string>04AF233E14104792ACC8B738</string>
			<key>isa</key>
			<string>PBXBuildFile</string>
		</dict>
		<key>AEE370DB9B1D2F618C91D553</key>
		<dict>
			<key>includeInIndex</key>
			<string>1</string>
			<key>isa</key>
			<string>PBXFileReference</string>
			<key>lastKnownFileType</key>
			<string>text.xcconfig</string>
			<key>name</key>
			<string>Pods-Tests.release.xcconfig</string>
			<key>path</key>
			<string>Pods/Target Support Files/Pods-Tests/Pods-Tests.release.xcconfig</string>
			<key>sourceTree</key>
			<string>&lt;group&gt;</string>
		</dict>
		<key>B037BD03463B42FF88CC9C7A</key>
		<dict>
			<key>includeInIndex</key>
			<string>1</string>
			<key>isa</key>
			<string>PBXFileReference</string>
			<key>lastKnownFileType</key>
			<string>sourcecode.c.objc</string>
			<key>name</key>
			<string>main.m</string>
			<key>path</key>
			<string>Tests/main.m</string>
			<key>sourceTree</key>
			<string>&lt;group&gt;</string>
		</dict>
		<key>B29DA3C7E1110D81248E334B</key>
		<dict>
			<key>includeInIndex</key>
			<string>1</string>
			<key>isa</key>
			<string>PBXFileReference</string>
			<key>lastKnownFileType</key>
			<string>text.xcconfig</string>
			<key>name</key>
			<string>Pods.release.xcconfig</string>
			<key>path</key>
			<string>Pods/Target Support Files/Pods/Pods.release.xcconfig</string>
			<key>sourceTree</key>
			<string>&lt;group&gt;</string>
		</dict>
		<key>B2EAB5CD13004D8CBA822AED</key>
		<dict>
			<key>fileRef</key>
			<string>B037BD03463B42FF88CC9C7A</string>
			<key>isa</key>
			<string>PBXBuildFile</string>
		</dict>
		<key>BA3288CB01BD4528B111154A</key>
		<dict>
			<key>fileRef</key>
			<string>004BC926198C37CD000C039B</string>
			<key>isa</key>
			<string>PBXBuildFile</string>
		</dict>
		<key>BF039272AA6247DCB7CA98A3</key>
		<dict>
			<key>fileRef</key>
			<string>004BC930198C37CD000C039B</string>
			<key>isa</key>
			<string>PBXBuildFile</string>
		</dict>
		<key>C63A870D3FE845ECB0AADD3B</key>
		<dict>
			<key>explicitFileType</key>
			<string>archive.ar</string>
			<key>includeInIndex</key>
			<string>0</string>
			<key>isa</key>
			<string>PBXFileReference</string>
			<key>path</key>
			<string>libPods.a</string>
			<key>sourceTree</key>
			<string>BUILT_PRODUCTS_DIR</string>
		</dict>
		<key>CA3E614B151B434986E22987</key>
		<dict>
			<key>fileRef</key>
			<string>3DA8BEF39A6B47CEBE626660</string>
			<key>isa</key>
			<string>PBXBuildFile</string>
		</dict>
		<key>CD48A32A4DD2492CBBFC0B69</key>
		<dict>
			<key>children</key>
			<array>
				<string>C63A870D3FE845ECB0AADD3B</string>
				<string>682E0287DD784D05B59E92B2</string>
				<string>CF3D4522CAC644C8B50E85D5</string>
			</array>
			<key>isa</key>
			<string>PBXGroup</string>
			<key>name</key>
			<string>Frameworks</string>
			<key>sourceTree</key>
			<string>&lt;group&gt;</string>
		</dict>
		<key>CF3D4522CAC644C8B50E85D5</key>
		<dict>
			<key>explicitFileType</key>
			<string>archive.ar</string>
			<key>includeInIndex</key>
			<string>0</string>
			<key>isa</key>
			<string>PBXFileReference</string>
			<key>path</key>
			<string>libPods-Tests.a</string>
			<key>sourceTree</key>
			<string>BUILT_PRODUCTS_DIR</string>
		</dict>
		<key>D073500E8E5C493FA561D3AB</key>
		<dict>
			<key>fileRef</key>
			<string>C63A870D3FE845ECB0AADD3B</string>
			<key>isa</key>
			<string>PBXBuildFile</string>
		</dict>
		<key>EA7BC5A84AF0464DB44BCBFD</key>
		<dict>
			<key>buildActionMask</key>
			<string>2147483647</string>
			<key>files</key>
			<array/>
			<key>inputPaths</key>
			<array/>
			<key>isa</key>
			<string>PBXShellScriptBuildPhase</string>
			<key>name</key>
			<string>Check Pods Manifest.lock</string>
			<key>outputPaths</key>
			<array/>
			<key>runOnlyForDeploymentPostprocessing</key>
			<string>0</string>
			<key>shellPath</key>
			<string>/bin/sh</string>
			<key>shellScript</key>
			<string>diff "${PODS_ROOT}/../Podfile.lock" "${PODS_ROOT}/Manifest.lock" &gt; /dev/null
if [[ $? != 0 ]] ; then
    cat &lt;&lt; EOM
error: The sandbox is not in sync with the Podfile.lock. Run 'pod install' or update your CocoaPods installation.
EOM
    exit 1
fi
</string>
			<key>showEnvVarsInLog</key>
			<string>0</string>
		</dict>
		<key>F2C0592332AE492CB2470E1B</key>
		<dict>
			<key>fileRef</key>
			<string>004BC925198C37CD000C039B</string>
			<key>isa</key>
			<string>PBXBuildFile</string>
		</dict>
		<key>F976443DCCC0465D80021996</key>
		<dict>
			<key>explicitFileType</key>
			<string>wrapper.application</string>
			<key>includeInIndex</key>
			<string>0</string>
			<key>isa</key>
			<string>PBXFileReference</string>
			<key>path</key>
			<string>Tests.app</string>
			<key>sourceTree</key>
			<string>BUILT_PRODUCTS_DIR</string>
		</dict>
		<key>FC2736121F904C9DBE3BB04F</key>
		<dict>
			<key>containerPortal</key>
			<string>004BC8F3198C36CD000C039B</string>
			<key>isa</key>
			<string>PBXContainerItemProxy</string>
			<key>proxyType</key>
			<string>1</string>
			<key>remoteGlobalIDString</key>
			<string>004BC8FA198C36CD000C039B</string>
			<key>remoteInfo</key>
			<string>KBKeybase</string>
		</dict>
		<key>FCC00B86A5814C7089C99512</key>
		<dict>
			<key>buildConfigurationList</key>
			<string>9A1D49BD569241FBB7D0E687</string>
			<key>buildPhases</key>
			<array>
				<string>EA7BC5A84AF0464DB44BCBFD</string>
				<string>1CFB3DCE9C4248A4BF240301</string>
				<string>57157AD60D3E433EACC6C990</string>
				<string>A450EF128ED248D9BC42CE9B</string>
				<string>9FD1CA94BC7F49B4B8972949</string>
			</array>
			<key>buildRules</key>
			<array/>
			<key>dependencies</key>
			<array>
				<string>93DDCE7908A44F308583DD62</string>
			</array>
			<key>isa</key>
			<string>PBXNativeTarget</string>
			<key>name</key>
			<string>Tests</string>
			<key>productName</key>
			<string>Tests</string>
			<key>productReference</key>
			<string>F976443DCCC0465D80021996</string>
			<key>productType</key>
			<string>com.apple.product-type.application</string>
		</dict>
	</dict>
	<key>rootObject</key>
	<string>004BC8F3198C36CD000C039B</string>
</dict>
</plist>
