// !$*UTF8*$!
{
	archiveVersion = 1;
	classes = {
	};
	objectVersion = 46;
	objects = {

/* Begin PBXBuildFile section */
		004BC8FF198C36CD000C039B /* KBKeybase.h in CopyFiles */ = {isa = PBXBuildFile; fileRef = 004BC8FE198C36CD000C039B /* KBKeybase.h */; };
		004BC936198C37CD000C039B /* KBBitcoinAddress.m in Sources */ = {isa = PBXBuildFile; fileRef = 004BC917198C37CD000C039B /* KBBitcoinAddress.m */; };
		004BC937198C37CD000C039B /* KBImage.m in Sources */ = {isa = PBXBuildFile; fileRef = 004BC919198C37CD000C039B /* KBImage.m */; };
		004BC939198C37CD000C039B /* KBProof.m in Sources */ = {isa = PBXBuildFile; fileRef = 004BC91D198C37CD000C039B /* KBProof.m */; };
		004BC93B198C37CD000C039B /* KBSessionUser.m in Sources */ = {isa = PBXBuildFile; fileRef = 004BC921198C37CD000C039B /* KBSessionUser.m */; };
		004BC93C198C37CD000C039B /* KBSignature.m in Sources */ = {isa = PBXBuildFile; fileRef = 004BC923198C37CD000C039B /* KBSignature.m */; };
		004BC93D198C37CD000C039B /* KBUser.m in Sources */ = {isa = PBXBuildFile; fileRef = 004BC925198C37CD000C039B /* KBUser.m */; };
		004BC93E198C37CD000C039B /* KBClient.m in Sources */ = {isa = PBXBuildFile; fileRef = 004BC926198C37CD000C039B /* KBClient.m */; };
		004BC940198C37CD000C039B /* KBClientKeyRing.m in Sources */ = {isa = PBXBuildFile; fileRef = 004BC92B198C37CD000C039B /* KBClientKeyRing.m */; };
		004BC941198C37CD000C039B /* KBSession.m in Sources */ = {isa = PBXBuildFile; fileRef = 004BC92C198C37CD000C039B /* KBSession.m */; };
		004BC942198C37CD000C039B /* KBResponseSerializer.m in Sources */ = {isa = PBXBuildFile; fileRef = 004BC92D198C37CD000C039B /* KBResponseSerializer.m */; };
		004BC943198C37CD000C039B /* KBKeychain.m in Sources */ = {isa = PBXBuildFile; fileRef = 004BC930198C37CD000C039B /* KBKeychain.m */; };
		004BC944198C37CD000C039B /* KBRequestSerializer.m in Sources */ = {isa = PBXBuildFile; fileRef = 004BC932198C37CD000C039B /* KBRequestSerializer.m */; };
		004BC945198C37CD000C039B /* KBError.m in Sources */ = {isa = PBXBuildFile; fileRef = 004BC934198C37CD000C039B /* KBError.m */; };
		0054F13C1990176700908F74 /* KBPrivateKey.m in Sources */ = {isa = PBXBuildFile; fileRef = 0054F13B1990176700908F74 /* KBPrivateKey.m */; };
		0054F13D1990176700908F74 /* KBPrivateKey.m in Sources */ = {isa = PBXBuildFile; fileRef = 0054F13B1990176700908F74 /* KBPrivateKey.m */; };
		0054F1401990180D00908F74 /* KBPublicKey.m in Sources */ = {isa = PBXBuildFile; fileRef = 0054F13E1990180D00908F74 /* KBPublicKey.m */; };
		0054F1411990180D00908F74 /* KBPublicKey.m in Sources */ = {isa = PBXBuildFile; fileRef = 0054F13E1990180D00908F74 /* KBPublicKey.m */; };
		0054F1561991505800908F74 /* gabrielhlocal2_private.json in Resources */ = {isa = PBXBuildFile; fileRef = 0054F1551991505800908F74 /* gabrielhlocal2_private.json */; };
		0054F1581991506900908F74 /* gabrielhlocal2_public.json in Resources */ = {isa = PBXBuildFile; fileRef = 0054F1571991506900908F74 /* gabrielhlocal2_public.json */; };
		070E02182A8B4345B3EA93AD /* KBRequestSerializer.m in Sources */ = {isa = PBXBuildFile; fileRef = 004BC932198C37CD000C039B /* KBRequestSerializer.m */; };
		0D8B5B8F639A474D94DB2DCD /* KBProof.m in Sources */ = {isa = PBXBuildFile; fileRef = 004BC91D198C37CD000C039B /* KBProof.m */; };
		2959C66E163043BFAE8F53BD /* KBBitcoinAddress.m in Sources */ = {isa = PBXBuildFile; fileRef = 004BC917198C37CD000C039B /* KBBitcoinAddress.m */; };
		487829F2847A4A58921E596B /* KBSessionUser.m in Sources */ = {isa = PBXBuildFile; fileRef = 004BC921198C37CD000C039B /* KBSessionUser.m */; };
		4971423FBE0146EEA5EF69E3 /* KBSignature.m in Sources */ = {isa = PBXBuildFile; fileRef = 004BC923198C37CD000C039B /* KBSignature.m */; };
		545654A16F3C4A14850265DA /* KBError.m in Sources */ = {isa = PBXBuildFile; fileRef = 004BC934198C37CD000C039B /* KBError.m */; };
		5BA43C69E838427684F990FD /* KBClientKeyRing.m in Sources */ = {isa = PBXBuildFile; fileRef = 004BC92B198C37CD000C039B /* KBClientKeyRing.m */; };
		69C24E1E1A0F4A4386CE664A /* KBSession.m in Sources */ = {isa = PBXBuildFile; fileRef = 004BC92C198C37CD000C039B /* KBSession.m */; };
		6AE362C939294C7B9008B5AC /* KBImage.m in Sources */ = {isa = PBXBuildFile; fileRef = 004BC919198C37CD000C039B /* KBImage.m */; };
		93ACD719B5C94F7CB378314A /* libPods-Tests.a in Frameworks */ = {isa = PBXBuildFile; fileRef = CF3D4522CAC644C8B50E85D5 /* libPods-Tests.a */; };
		971E18FE89FE400D9F67AE81 /* KBResponseSerializer.m in Sources */ = {isa = PBXBuildFile; fileRef = 004BC92D198C37CD000C039B /* KBResponseSerializer.m */; };
		AAE89D2D7C614CAABCA8C939 /* KBClientTest.m in Sources */ = {isa = PBXBuildFile; fileRef = 04AF233E14104792ACC8B738 /* KBClientTest.m */; };
		B2EAB5CD13004D8CBA822AED /* main.m in Sources */ = {isa = PBXBuildFile; fileRef = B037BD03463B42FF88CC9C7A /* main.m */; };
		BA3288CB01BD4528B111154A /* KBClient.m in Sources */ = {isa = PBXBuildFile; fileRef = 004BC926198C37CD000C039B /* KBClient.m */; };
		BF039272AA6247DCB7CA98A3 /* KBKeychain.m in Sources */ = {isa = PBXBuildFile; fileRef = 004BC930198C37CD000C039B /* KBKeychain.m */; };
		CA3E614B151B434986E22987 /* Foundation.framework in Frameworks */ = {isa = PBXBuildFile; fileRef = 3DA8BEF39A6B47CEBE626660 /* Foundation.framework */; };
		D073500E8E5C493FA561D3AB /* libPods.a in Frameworks */ = {isa = PBXBuildFile; fileRef = C63A870D3FE845ECB0AADD3B /* libPods.a */; };
		F2C0592332AE492CB2470E1B /* KBUser.m in Sources */ = {isa = PBXBuildFile; fileRef = 004BC925198C37CD000C039B /* KBUser.m */; };
/* End PBXBuildFile section */

/* Begin PBXContainerItemProxy section */
		FC2736121F904C9DBE3BB04F /* PBXContainerItemProxy */ = {
			isa = PBXContainerItemProxy;
			containerPortal = 004BC8F3198C36CD000C039B /* Project object */;
			proxyType = 1;
			remoteGlobalIDString = 004BC8FA198C36CD000C039B;
			remoteInfo = KBKeybase;
		};
/* End PBXContainerItemProxy section */

/* Begin PBXCopyFilesBuildPhase section */
		004BC8F9198C36CD000C039B /* CopyFiles */ = {
			isa = PBXCopyFilesBuildPhase;
			buildActionMask = 2147483647;
			dstPath = "include/$(PRODUCT_NAME)";
			dstSubfolderSpec = 16;
			files = (
				004BC8FF198C36CD000C039B /* KBKeybase.h in CopyFiles */,
			);
			runOnlyForDeploymentPostprocessing = 0;
		};
/* End PBXCopyFilesBuildPhase section */

/* Begin PBXFileReference section */
		004BC8FB198C36CD000C039B /* libKBKeybase.a */ = {isa = PBXFileReference; explicitFileType = archive.ar; includeInIndex = 0; path = libKBKeybase.a; sourceTree = BUILT_PRODUCTS_DIR; };
		004BC8FE198C36CD000C039B /* KBKeybase.h */ = {isa = PBXFileReference; lastKnownFileType = sourcecode.c.h; path = KBKeybase.h; sourceTree = "<group>"; };
		004BC916198C37CD000C039B /* KBBitcoinAddress.h */ = {isa = PBXFileReference; fileEncoding = 4; lastKnownFileType = sourcecode.c.h; path = KBBitcoinAddress.h; sourceTree = "<group>"; };
		004BC917198C37CD000C039B /* KBBitcoinAddress.m */ = {isa = PBXFileReference; fileEncoding = 4; lastKnownFileType = sourcecode.c.objc; path = KBBitcoinAddress.m; sourceTree = "<group>"; };
		004BC918198C37CD000C039B /* KBImage.h */ = {isa = PBXFileReference; fileEncoding = 4; lastKnownFileType = sourcecode.c.h; path = KBImage.h; sourceTree = "<group>"; };
		004BC919198C37CD000C039B /* KBImage.m */ = {isa = PBXFileReference; fileEncoding = 4; lastKnownFileType = sourcecode.c.objc; path = KBImage.m; sourceTree = "<group>"; };
		004BC91C198C37CD000C039B /* KBProof.h */ = {isa = PBXFileReference; fileEncoding = 4; lastKnownFileType = sourcecode.c.h; path = KBProof.h; sourceTree = "<group>"; };
		004BC91D198C37CD000C039B /* KBProof.m */ = {isa = PBXFileReference; fileEncoding = 4; lastKnownFileType = sourcecode.c.objc; path = KBProof.m; sourceTree = "<group>"; };
		004BC920198C37CD000C039B /* KBSessionUser.h */ = {isa = PBXFileReference; fileEncoding = 4; lastKnownFileType = sourcecode.c.h; path = KBSessionUser.h; sourceTree = "<group>"; };
		004BC921198C37CD000C039B /* KBSessionUser.m */ = {isa = PBXFileReference; fileEncoding = 4; lastKnownFileType = sourcecode.c.objc; path = KBSessionUser.m; sourceTree = "<group>"; };
		004BC922198C37CD000C039B /* KBSignature.h */ = {isa = PBXFileReference; fileEncoding = 4; lastKnownFileType = sourcecode.c.h; path = KBSignature.h; sourceTree = "<group>"; };
		004BC923198C37CD000C039B /* KBSignature.m */ = {isa = PBXFileReference; fileEncoding = 4; lastKnownFileType = sourcecode.c.objc; path = KBSignature.m; sourceTree = "<group>"; };
		004BC924198C37CD000C039B /* KBUser.h */ = {isa = PBXFileReference; fileEncoding = 4; lastKnownFileType = sourcecode.c.h; path = KBUser.h; sourceTree = "<group>"; };
		004BC925198C37CD000C039B /* KBUser.m */ = {isa = PBXFileReference; fileEncoding = 4; lastKnownFileType = sourcecode.c.objc; path = KBUser.m; sourceTree = "<group>"; };
		004BC926198C37CD000C039B /* KBClient.m */ = {isa = PBXFileReference; fileEncoding = 4; lastKnownFileType = sourcecode.c.objc; path = KBClient.m; sourceTree = "<group>"; };
		004BC928198C37CD000C039B /* KBClientKeyRing.h */ = {isa = PBXFileReference; fileEncoding = 4; lastKnownFileType = sourcecode.c.h; path = KBClientKeyRing.h; sourceTree = "<group>"; };
		004BC929198C37CD000C039B /* KBClient.h */ = {isa = PBXFileReference; fileEncoding = 4; lastKnownFileType = sourcecode.c.h; path = KBClient.h; sourceTree = "<group>"; };
		004BC92B198C37CD000C039B /* KBClientKeyRing.m */ = {isa = PBXFileReference; fileEncoding = 4; lastKnownFileType = sourcecode.c.objc; path = KBClientKeyRing.m; sourceTree = "<group>"; };
		004BC92C198C37CD000C039B /* KBSession.m */ = {isa = PBXFileReference; fileEncoding = 4; lastKnownFileType = sourcecode.c.objc; path = KBSession.m; sourceTree = "<group>"; };
		004BC92D198C37CD000C039B /* KBResponseSerializer.m */ = {isa = PBXFileReference; fileEncoding = 4; lastKnownFileType = sourcecode.c.objc; path = KBResponseSerializer.m; sourceTree = "<group>"; };
		004BC92E198C37CD000C039B /* KBSession.h */ = {isa = PBXFileReference; fileEncoding = 4; lastKnownFileType = sourcecode.c.h; path = KBSession.h; sourceTree = "<group>"; };
		004BC92F198C37CD000C039B /* KBKeychain.h */ = {isa = PBXFileReference; fileEncoding = 4; lastKnownFileType = sourcecode.c.h; path = KBKeychain.h; sourceTree = "<group>"; };
		004BC930198C37CD000C039B /* KBKeychain.m */ = {isa = PBXFileReference; fileEncoding = 4; lastKnownFileType = sourcecode.c.objc; path = KBKeychain.m; sourceTree = "<group>"; };
		004BC931198C37CD000C039B /* KBError.h */ = {isa = PBXFileReference; fileEncoding = 4; lastKnownFileType = sourcecode.c.h; path = KBError.h; sourceTree = "<group>"; };
		004BC932198C37CD000C039B /* KBRequestSerializer.m */ = {isa = PBXFileReference; fileEncoding = 4; lastKnownFileType = sourcecode.c.objc; path = KBRequestSerializer.m; sourceTree = "<group>"; };
		004BC933198C37CD000C039B /* KBRequestSerializer.h */ = {isa = PBXFileReference; fileEncoding = 4; lastKnownFileType = sourcecode.c.h; path = KBRequestSerializer.h; sourceTree = "<group>"; };
		004BC934198C37CD000C039B /* KBError.m */ = {isa = PBXFileReference; fileEncoding = 4; lastKnownFileType = sourcecode.c.objc; path = KBError.m; sourceTree = "<group>"; };
		004BC935198C37CD000C039B /* KBResponseSerializer.h */ = {isa = PBXFileReference; fileEncoding = 4; lastKnownFileType = sourcecode.c.h; path = KBResponseSerializer.h; sourceTree = "<group>"; };
		004BC946198C37FC000C039B /* Podfile */ = {isa = PBXFileReference; fileEncoding = 4; lastKnownFileType = text; path = Podfile; sourceTree = "<group>"; xcLanguageSpecificationIdentifier = xcode.lang.ruby; };
		004BC94B198C4032000C039B /* KBKeybase.podspec */ = {isa = PBXFileReference; fileEncoding = 4; lastKnownFileType = text; path = KBKeybase.podspec; sourceTree = "<group>"; };
		004BC94C198C416D000C039B /* README.md */ = {isa = PBXFileReference; fileEncoding = 4; lastKnownFileType = net.daringfireball.markdown; path = README.md; sourceTree = "<group>"; };
		0054F13A1990176700908F74 /* KBPrivateKey.h */ = {isa = PBXFileReference; fileEncoding = 4; lastKnownFileType = sourcecode.c.h; path = KBPrivateKey.h; sourceTree = "<group>"; };
		0054F13B1990176700908F74 /* KBPrivateKey.m */ = {isa = PBXFileReference; fileEncoding = 4; lastKnownFileType = sourcecode.c.objc; path = KBPrivateKey.m; sourceTree = "<group>"; };
		0054F13E1990180D00908F74 /* KBPublicKey.m */ = {isa = PBXFileReference; fileEncoding = 4; lastKnownFileType = sourcecode.c.objc; path = KBPublicKey.m; sourceTree = "<group>"; };
		0054F13F1990180D00908F74 /* KBPublicKey.h */ = {isa = PBXFileReference; fileEncoding = 4; lastKnownFileType = sourcecode.c.h; path = KBPublicKey.h; sourceTree = "<group>"; };
		0054F1551991505800908F74 /* gabrielhlocal2_private.json */ = {isa = PBXFileReference; fileEncoding = 4; lastKnownFileType = text.json; path = gabrielhlocal2_private.json; sourceTree = "<group>"; };
		0054F1571991506900908F74 /* gabrielhlocal2_public.json */ = {isa = PBXFileReference; fileEncoding = 4; lastKnownFileType = text.json; path = gabrielhlocal2_public.json; sourceTree = "<group>"; };
		04AF233E14104792ACC8B738 /* KBClientTest.m */ = {isa = PBXFileReference; includeInIndex = 1; lastKnownFileType = sourcecode.c.objc; name = KBClientTest.m; path = Tests/KBClientTest.m; sourceTree = "<group>"; };
		3BFF2655478141999197045F /* Pods.xcconfig */ = {isa = PBXFileReference; includeInIndex = 1; lastKnownFileType = text.xcconfig; name = Pods.xcconfig; path = Pods/Pods.xcconfig; sourceTree = "<group>"; };
		3DA8BEF39A6B47CEBE626660 /* Foundation.framework */ = {isa = PBXFileReference; lastKnownFileType = wrapper.framework; name = Foundation.framework; path = Platforms/iPhoneOS.platform/Developer/SDKs/iPhoneOS7.1.sdk/System/Library/Frameworks/Foundation.framework; sourceTree = DEVELOPER_DIR; };
		B037BD03463B42FF88CC9C7A /* main.m */ = {isa = PBXFileReference; includeInIndex = 1; lastKnownFileType = sourcecode.c.objc; name = main.m; path = Tests/main.m; sourceTree = "<group>"; };
		C63A870D3FE845ECB0AADD3B /* libPods.a */ = {isa = PBXFileReference; explicitFileType = archive.ar; includeInIndex = 0; path = libPods.a; sourceTree = BUILT_PRODUCTS_DIR; };
		CF3D4522CAC644C8B50E85D5 /* libPods-Tests.a */ = {isa = PBXFileReference; explicitFileType = archive.ar; includeInIndex = 0; path = "libPods-Tests.a"; sourceTree = BUILT_PRODUCTS_DIR; };
		DC667B18609047A68131CDDA /* Pods-Tests.xcconfig */ = {isa = PBXFileReference; includeInIndex = 1; lastKnownFileType = text.xcconfig; name = "Pods-Tests.xcconfig"; path = "Pods/Pods-Tests.xcconfig"; sourceTree = "<group>"; };
		F976443DCCC0465D80021996 /* Tests.app */ = {isa = PBXFileReference; explicitFileType = wrapper.application; includeInIndex = 0; path = Tests.app; sourceTree = BUILT_PRODUCTS_DIR; };
/* End PBXFileReference section */

/* Begin PBXFrameworksBuildPhase section */
		004BC8F8198C36CD000C039B /* Frameworks */ = {
			isa = PBXFrameworksBuildPhase;
			buildActionMask = 2147483647;
			files = (
				D073500E8E5C493FA561D3AB /* libPods.a in Frameworks */,
			);
			runOnlyForDeploymentPostprocessing = 0;
		};
		57157AD60D3E433EACC6C990 /* Frameworks */ = {
			isa = PBXFrameworksBuildPhase;
			buildActionMask = 2147483647;
			files = (
				CA3E614B151B434986E22987 /* Foundation.framework in Frameworks */,
				93ACD719B5C94F7CB378314A /* libPods-Tests.a in Frameworks */,
			);
			runOnlyForDeploymentPostprocessing = 0;
		};
/* End PBXFrameworksBuildPhase section */

/* Begin PBXGroup section */
		004BC8F2198C36CD000C039B = {
			isa = PBXGroup;
			children = (
				004BC94C198C416D000C039B /* README.md */,
				004BC94B198C4032000C039B /* KBKeybase.podspec */,
				004BC946198C37FC000C039B /* Podfile */,
				004BC8FD198C36CD000C039B /* KBKeybase */,
				6B90446B984D47CE86ECF654 /* Tests */,
				004BC8FC198C36CD000C039B /* Products */,
				3BFF2655478141999197045F /* Pods.xcconfig */,
				CD48A32A4DD2492CBBFC0B69 /* Frameworks */,
				DC667B18609047A68131CDDA /* Pods-Tests.xcconfig */,
			);
			sourceTree = "<group>";
		};
		004BC8FC198C36CD000C039B /* Products */ = {
			isa = PBXGroup;
			children = (
				004BC8FB198C36CD000C039B /* libKBKeybase.a */,
				F976443DCCC0465D80021996 /* Tests.app */,
			);
			name = Products;
			sourceTree = "<group>";
		};
		004BC8FD198C36CD000C039B /* KBKeybase */ = {
			isa = PBXGroup;
			children = (
				004BC915198C37CD000C039B /* Models */,
				004BC8FE198C36CD000C039B /* KBKeybase.h */,
				004BC929198C37CD000C039B /* KBClient.h */,
				004BC926198C37CD000C039B /* KBClient.m */,
				004BC928198C37CD000C039B /* KBClientKeyRing.h */,
				004BC92B198C37CD000C039B /* KBClientKeyRing.m */,
				004BC92E198C37CD000C039B /* KBSession.h */,
				004BC92C198C37CD000C039B /* KBSession.m */,
				004BC92F198C37CD000C039B /* KBKeychain.h */,
				004BC930198C37CD000C039B /* KBKeychain.m */,
				004BC931198C37CD000C039B /* KBError.h */,
				004BC934198C37CD000C039B /* KBError.m */,
				004BC933198C37CD000C039B /* KBRequestSerializer.h */,
				004BC932198C37CD000C039B /* KBRequestSerializer.m */,
				004BC935198C37CD000C039B /* KBResponseSerializer.h */,
				004BC92D198C37CD000C039B /* KBResponseSerializer.m */,
			);
			path = KBKeybase;
			sourceTree = "<group>";
		};
		004BC915198C37CD000C039B /* Models */ = {
			isa = PBXGroup;
			children = (
				004BC916198C37CD000C039B /* KBBitcoinAddress.h */,
				004BC917198C37CD000C039B /* KBBitcoinAddress.m */,
				004BC918198C37CD000C039B /* KBImage.h */,
				004BC919198C37CD000C039B /* KBImage.m */,
				004BC91C198C37CD000C039B /* KBProof.h */,
				004BC91D198C37CD000C039B /* KBProof.m */,
				004BC920198C37CD000C039B /* KBSessionUser.h */,
				004BC921198C37CD000C039B /* KBSessionUser.m */,
				004BC922198C37CD000C039B /* KBSignature.h */,
				004BC923198C37CD000C039B /* KBSignature.m */,
				004BC924198C37CD000C039B /* KBUser.h */,
				004BC925198C37CD000C039B /* KBUser.m */,
				0054F13A1990176700908F74 /* KBPrivateKey.h */,
				0054F13B1990176700908F74 /* KBPrivateKey.m */,
				0054F13F1990180D00908F74 /* KBPublicKey.h */,
				0054F13E1990180D00908F74 /* KBPublicKey.m */,
			);
			path = Models;
			sourceTree = "<group>";
		};
		0054F1541991503600908F74 /* Data */ = {
			isa = PBXGroup;
			children = (
				0054F1551991505800908F74 /* gabrielhlocal2_private.json */,
				0054F1571991506900908F74 /* gabrielhlocal2_public.json */,
			);
			name = Data;
			path = Tests/Data;
			sourceTree = "<group>";
		};
		682E0287DD784D05B59E92B2 /* iOS */ = {
			isa = PBXGroup;
			children = (
				3DA8BEF39A6B47CEBE626660 /* Foundation.framework */,
			);
			name = iOS;
			sourceTree = "<group>";
		};
		6B90446B984D47CE86ECF654 /* Tests */ = {
			isa = PBXGroup;
			children = (
				0054F1541991503600908F74 /* Data */,
				B037BD03463B42FF88CC9C7A /* main.m */,
				04AF233E14104792ACC8B738 /* KBClientTest.m */,
			);
			name = Tests;
			sourceTree = "<group>";
		};
		CD48A32A4DD2492CBBFC0B69 /* Frameworks */ = {
			isa = PBXGroup;
			children = (
				C63A870D3FE845ECB0AADD3B /* libPods.a */,
				682E0287DD784D05B59E92B2 /* iOS */,
				CF3D4522CAC644C8B50E85D5 /* libPods-Tests.a */,
			);
			name = Frameworks;
			sourceTree = "<group>";
		};
/* End PBXGroup section */

/* Begin PBXNativeTarget section */
		004BC8FA198C36CD000C039B /* KBKeybase */ = {
			isa = PBXNativeTarget;
			buildConfigurationList = 004BC90F198C36CD000C039B /* Build configuration list for PBXNativeTarget "KBKeybase" */;
			buildPhases = (
				52E8A5DAD8224F0DA5625BDF /* Check Pods Manifest.lock */,
				004BC8F7198C36CD000C039B /* Sources */,
				004BC8F8198C36CD000C039B /* Frameworks */,
				004BC8F9198C36CD000C039B /* CopyFiles */,
				9023771B045F4EE5A066A57D /* Copy Pods Resources */,
			);
			buildRules = (
			);
			dependencies = (
			);
			name = KBKeybase;
			productName = KBAPI;
			productReference = 004BC8FB198C36CD000C039B /* libKBKeybase.a */;
			productType = "com.apple.product-type.library.static";
		};
		FCC00B86A5814C7089C99512 /* Tests */ = {
			isa = PBXNativeTarget;
			buildConfigurationList = 9A1D49BD569241FBB7D0E687 /* Build configuration list for PBXNativeTarget "Tests" */;
			buildPhases = (
				EA7BC5A84AF0464DB44BCBFD /* Check Pods Manifest.lock */,
				1CFB3DCE9C4248A4BF240301 /* Sources */,
				57157AD60D3E433EACC6C990 /* Frameworks */,
				A450EF128ED248D9BC42CE9B /* Resources */,
				9FD1CA94BC7F49B4B8972949 /* Copy Pods Resources */,
			);
			buildRules = (
			);
			dependencies = (
				93DDCE7908A44F308583DD62 /* PBXTargetDependency */,
			);
			name = Tests;
			productName = Tests;
			productReference = F976443DCCC0465D80021996 /* Tests.app */;
			productType = "com.apple.product-type.application";
		};
/* End PBXNativeTarget section */

/* Begin PBXProject section */
		004BC8F3198C36CD000C039B /* Project object */ = {
			isa = PBXProject;
			attributes = {
				LastUpgradeCheck = 0600;
				ORGANIZATIONNAME = "Gabriel Handford";
				TargetAttributes = {
					004BC8FA198C36CD000C039B = {
						CreatedOnToolsVersion = 6.0;
					};
				};
			};
			buildConfigurationList = 004BC8F6198C36CD000C039B /* Build configuration list for PBXProject "KBKeybase" */;
			compatibilityVersion = "Xcode 3.2";
			developmentRegion = English;
			hasScannedForEncodings = 0;
			knownRegions = (
				en,
			);
			mainGroup = 004BC8F2198C36CD000C039B;
			productRefGroup = 004BC8FC198C36CD000C039B /* Products */;
			projectDirPath = "";
			projectRoot = "";
			targets = (
				004BC8FA198C36CD000C039B /* KBKeybase */,
				FCC00B86A5814C7089C99512 /* Tests */,
			);
		};
/* End PBXProject section */

/* Begin PBXResourcesBuildPhase section */
		A450EF128ED248D9BC42CE9B /* Resources */ = {
			isa = PBXResourcesBuildPhase;
			buildActionMask = 2147483647;
			files = (
				0054F1561991505800908F74 /* gabrielhlocal2_private.json in Resources */,
				0054F1581991506900908F74 /* gabrielhlocal2_public.json in Resources */,
			);
			runOnlyForDeploymentPostprocessing = 0;
		};
/* End PBXResourcesBuildPhase section */

/* Begin PBXShellScriptBuildPhase section */
		52E8A5DAD8224F0DA5625BDF /* Check Pods Manifest.lock */ = {
			isa = PBXShellScriptBuildPhase;
			buildActionMask = 2147483647;
			files = (
			);
			inputPaths = (
			);
			name = "Check Pods Manifest.lock";
			outputPaths = (
			);
			runOnlyForDeploymentPostprocessing = 0;
			shellPath = /bin/sh;
			shellScript = "diff \"${PODS_ROOT}/../Podfile.lock\" \"${PODS_ROOT}/Manifest.lock\" > /dev/null\nif [[ $? != 0 ]] ; then\n    cat << EOM\nerror: The sandbox is not in sync with the Podfile.lock. Run 'pod install' or update your CocoaPods installation.\nEOM\n    exit 1\nfi\n";
			showEnvVarsInLog = 0;
		};
		9023771B045F4EE5A066A57D /* Copy Pods Resources */ = {
			isa = PBXShellScriptBuildPhase;
			buildActionMask = 2147483647;
			files = (
			);
			inputPaths = (
			);
			name = "Copy Pods Resources";
			outputPaths = (
			);
			runOnlyForDeploymentPostprocessing = 0;
			shellPath = /bin/sh;
			shellScript = "\"${SRCROOT}/Pods/Pods-resources.sh\"\n";
			showEnvVarsInLog = 0;
		};
		9FD1CA94BC7F49B4B8972949 /* Copy Pods Resources */ = {
			isa = PBXShellScriptBuildPhase;
			buildActionMask = 2147483647;
			files = (
			);
			inputPaths = (
			);
			name = "Copy Pods Resources";
			outputPaths = (
			);
			runOnlyForDeploymentPostprocessing = 0;
			shellPath = /bin/sh;
			shellScript = "\"${SRCROOT}/Pods/Pods-Tests-resources.sh\"\n";
			showEnvVarsInLog = 0;
		};
		EA7BC5A84AF0464DB44BCBFD /* Check Pods Manifest.lock */ = {
			isa = PBXShellScriptBuildPhase;
			buildActionMask = 2147483647;
			files = (
			);
			inputPaths = (
			);
			name = "Check Pods Manifest.lock";
			outputPaths = (
			);
			runOnlyForDeploymentPostprocessing = 0;
			shellPath = /bin/sh;
			shellScript = "diff \"${PODS_ROOT}/../Podfile.lock\" \"${PODS_ROOT}/Manifest.lock\" > /dev/null\nif [[ $? != 0 ]] ; then\n    cat << EOM\nerror: The sandbox is not in sync with the Podfile.lock. Run 'pod install' or update your CocoaPods installation.\nEOM\n    exit 1\nfi\n";
			showEnvVarsInLog = 0;
		};
/* End PBXShellScriptBuildPhase section */

/* Begin PBXSourcesBuildPhase section */
		004BC8F7198C36CD000C039B /* Sources */ = {
			isa = PBXSourcesBuildPhase;
			buildActionMask = 2147483647;
			files = (
				004BC945198C37CD000C039B /* KBError.m in Sources */,
				004BC944198C37CD000C039B /* KBRequestSerializer.m in Sources */,
				004BC93B198C37CD000C039B /* KBSessionUser.m in Sources */,
				004BC941198C37CD000C039B /* KBSession.m in Sources */,
				004BC939198C37CD000C039B /* KBProof.m in Sources */,
				004BC937198C37CD000C039B /* KBImage.m in Sources */,
				0054F1401990180D00908F74 /* KBPublicKey.m in Sources */,
				0054F13C1990176700908F74 /* KBPrivateKey.m in Sources */,
				004BC936198C37CD000C039B /* KBBitcoinAddress.m in Sources */,
				004BC93E198C37CD000C039B /* KBClient.m in Sources */,
				004BC942198C37CD000C039B /* KBResponseSerializer.m in Sources */,
				004BC940198C37CD000C039B /* KBClientKeyRing.m in Sources */,
				004BC943198C37CD000C039B /* KBKeychain.m in Sources */,
				004BC93D198C37CD000C039B /* KBUser.m in Sources */,
				004BC93C198C37CD000C039B /* KBSignature.m in Sources */,
			);
			runOnlyForDeploymentPostprocessing = 0;
		};
		1CFB3DCE9C4248A4BF240301 /* Sources */ = {
			isa = PBXSourcesBuildPhase;
			buildActionMask = 2147483647;
			files = (
				0054F13D1990176700908F74 /* KBPrivateKey.m in Sources */,
				B2EAB5CD13004D8CBA822AED /* main.m in Sources */,
				AAE89D2D7C614CAABCA8C939 /* KBClientTest.m in Sources */,
				545654A16F3C4A14850265DA /* KBError.m in Sources */,
				070E02182A8B4345B3EA93AD /* KBRequestSerializer.m in Sources */,
				487829F2847A4A58921E596B /* KBSessionUser.m in Sources */,
				69C24E1E1A0F4A4386CE664A /* KBSession.m in Sources */,
				0D8B5B8F639A474D94DB2DCD /* KBProof.m in Sources */,
				6AE362C939294C7B9008B5AC /* KBImage.m in Sources */,
				0054F1411990180D00908F74 /* KBPublicKey.m in Sources */,
				2959C66E163043BFAE8F53BD /* KBBitcoinAddress.m in Sources */,
				BA3288CB01BD4528B111154A /* KBClient.m in Sources */,
				971E18FE89FE400D9F67AE81 /* KBResponseSerializer.m in Sources */,
				5BA43C69E838427684F990FD /* KBClientKeyRing.m in Sources */,
				BF039272AA6247DCB7CA98A3 /* KBKeychain.m in Sources */,
				F2C0592332AE492CB2470E1B /* KBUser.m in Sources */,
				4971423FBE0146EEA5EF69E3 /* KBSignature.m in Sources */,
			);
			runOnlyForDeploymentPostprocessing = 0;
		};
/* End PBXSourcesBuildPhase section */

/* Begin PBXTargetDependency section */
		93DDCE7908A44F308583DD62 /* PBXTargetDependency */ = {
			isa = PBXTargetDependency;
			target = 004BC8FA198C36CD000C039B /* KBKeybase */;
			targetProxy = FC2736121F904C9DBE3BB04F /* PBXContainerItemProxy */;
		};
/* End PBXTargetDependency section */

/* Begin XCBuildConfiguration section */
		004BC90D198C36CD000C039B /* Debug */ = {
			isa = XCBuildConfiguration;
			buildSettings = {
				ALWAYS_SEARCH_USER_PATHS = NO;
				CLANG_CXX_LANGUAGE_STANDARD = "gnu++0x";
				CLANG_CXX_LIBRARY = "libc++";
				CLANG_ENABLE_MODULES = YES;
				CLANG_ENABLE_OBJC_ARC = YES;
				CLANG_WARN_BOOL_CONVERSION = YES;
				CLANG_WARN_CONSTANT_CONVERSION = YES;
				CLANG_WARN_DIRECT_OBJC_ISA_USAGE = YES_ERROR;
				CLANG_WARN_EMPTY_BODY = YES;
				CLANG_WARN_ENUM_CONVERSION = YES;
				CLANG_WARN_INT_CONVERSION = YES;
				CLANG_WARN_OBJC_ROOT_CLASS = YES_ERROR;
				CLANG_WARN_UNREACHABLE_CODE = YES;
				CLANG_WARN__DUPLICATE_METHOD_MATCH = YES;
				COPY_PHASE_STRIP = NO;
				ENABLE_STRICT_OBJC_MSGSEND = YES;
				GCC_C_LANGUAGE_STANDARD = gnu99;
				GCC_DYNAMIC_NO_PIC = NO;
				GCC_OPTIMIZATION_LEVEL = 0;
				GCC_PREPROCESSOR_DEFINITIONS = (
					"DEBUG=1",
					"$(inherited)",
				);
				GCC_SYMBOLS_PRIVATE_EXTERN = NO;
				GCC_WARN_64_TO_32_BIT_CONVERSION = YES;
				GCC_WARN_ABOUT_RETURN_TYPE = YES_ERROR;
				GCC_WARN_UNDECLARED_SELECTOR = YES;
				GCC_WARN_UNINITIALIZED_AUTOS = YES_AGGRESSIVE;
				GCC_WARN_UNUSED_FUNCTION = YES;
				GCC_WARN_UNUSED_VARIABLE = YES;
				IPHONEOS_DEPLOYMENT_TARGET = 8.0;
				MTL_ENABLE_DEBUG_INFO = YES;
				ONLY_ACTIVE_ARCH = YES;
				SDKROOT = iphoneos;
			};
			name = Debug;
		};
		004BC90E198C36CD000C039B /* Release */ = {
			isa = XCBuildConfiguration;
			buildSettings = {
				ALWAYS_SEARCH_USER_PATHS = NO;
				CLANG_CXX_LANGUAGE_STANDARD = "gnu++0x";
				CLANG_CXX_LIBRARY = "libc++";
				CLANG_ENABLE_MODULES = YES;
				CLANG_ENABLE_OBJC_ARC = YES;
				CLANG_WARN_BOOL_CONVERSION = YES;
				CLANG_WARN_CONSTANT_CONVERSION = YES;
				CLANG_WARN_DIRECT_OBJC_ISA_USAGE = YES_ERROR;
				CLANG_WARN_EMPTY_BODY = YES;
				CLANG_WARN_ENUM_CONVERSION = YES;
				CLANG_WARN_INT_CONVERSION = YES;
				CLANG_WARN_OBJC_ROOT_CLASS = YES_ERROR;
				CLANG_WARN_UNREACHABLE_CODE = YES;
				CLANG_WARN__DUPLICATE_METHOD_MATCH = YES;
				COPY_PHASE_STRIP = YES;
				ENABLE_NS_ASSERTIONS = NO;
				ENABLE_STRICT_OBJC_MSGSEND = YES;
				GCC_C_LANGUAGE_STANDARD = gnu99;
				GCC_WARN_64_TO_32_BIT_CONVERSION = YES;
				GCC_WARN_ABOUT_RETURN_TYPE = YES_ERROR;
				GCC_WARN_UNDECLARED_SELECTOR = YES;
				GCC_WARN_UNINITIALIZED_AUTOS = YES_AGGRESSIVE;
				GCC_WARN_UNUSED_FUNCTION = YES;
				GCC_WARN_UNUSED_VARIABLE = YES;
				IPHONEOS_DEPLOYMENT_TARGET = 8.0;
				MTL_ENABLE_DEBUG_INFO = NO;
				SDKROOT = iphoneos;
				VALIDATE_PRODUCT = YES;
			};
			name = Release;
		};
		004BC910198C36CD000C039B /* Debug */ = {
			isa = XCBuildConfiguration;
			baseConfigurationReference = 3BFF2655478141999197045F /* Pods.xcconfig */;
			buildSettings = {
				IPHONEOS_DEPLOYMENT_TARGET = 7.0;
				PRODUCT_NAME = KBKeybase;
				SKIP_INSTALL = YES;
			};
			name = Debug;
		};
		004BC911198C36CD000C039B /* Release */ = {
			isa = XCBuildConfiguration;
			baseConfigurationReference = 3BFF2655478141999197045F /* Pods.xcconfig */;
			buildSettings = {
				IPHONEOS_DEPLOYMENT_TARGET = 7.0;
				PRODUCT_NAME = KBKeybase;
				SKIP_INSTALL = YES;
			};
			name = Release;
		};
		722CCDE28A904ACD90A76CC2 /* Release */ = {
			isa = XCBuildConfiguration;
			baseConfigurationReference = DC667B18609047A68131CDDA /* Pods-Tests.xcconfig */;
			buildSettings = {
				ALWAYS_SEARCH_USER_PATHS = NO;
				COPY_PHASE_STRIP = YES;
				DSTROOT = /tmp/xcodeproj.dst;
				GCC_C_LANGUAGE_STANDARD = gnu99;
				GCC_PRECOMPILE_PREFIX_HEADER = YES;
				GCC_VERSION = com.apple.compilers.llvm.clang.1_0;
				INFOPLIST_FILE = "Tests/Tests-Info.plist";
				INSTALL_PATH = "$(BUILT_PRODUCTS_DIR)";
				IPHONEOS_DEPLOYMENT_TARGET = 7.0;
				OTHER_CFLAGS = (
					"-DNS_BLOCK_ASSERTIONS=1",
					"$(inherited)",
				);
				OTHER_CPLUSPLUSFLAGS = (
					"-DNS_BLOCK_ASSERTIONS=1",
					"$(inherited)",
				);
				PRODUCT_NAME = "$(TARGET_NAME)";
				PUBLIC_HEADERS_FOLDER_PATH = "$(TARGET_NAME)";
				SDKROOT = iphoneos;
				SKIP_INSTALL = YES;
				VALIDATE_PRODUCT = YES;
			};
			name = Release;
		};
		8211172EA1014DEA998CA1E3 /* Debug */ = {
			isa = XCBuildConfiguration;
			baseConfigurationReference = DC667B18609047A68131CDDA /* Pods-Tests.xcconfig */;
			buildSettings = {
				ALWAYS_SEARCH_USER_PATHS = NO;
				COPY_PHASE_STRIP = NO;
				DSTROOT = /tmp/xcodeproj.dst;
				GCC_C_LANGUAGE_STANDARD = gnu99;
				GCC_DYNAMIC_NO_PIC = NO;
				GCC_OPTIMIZATION_LEVEL = 0;
				GCC_PRECOMPILE_PREFIX_HEADER = YES;
				GCC_PREPROCESSOR_DEFINITIONS = (
					"DEBUG=1",
					"$(inherited)",
				);
				GCC_SYMBOLS_PRIVATE_EXTERN = NO;
				GCC_VERSION = com.apple.compilers.llvm.clang.1_0;
				INFOPLIST_FILE = "Tests/Tests-Info.plist";
				INSTALL_PATH = "$(BUILT_PRODUCTS_DIR)";
				IPHONEOS_DEPLOYMENT_TARGET = 7.0;
				PRODUCT_NAME = "$(TARGET_NAME)";
				PUBLIC_HEADERS_FOLDER_PATH = "$(TARGET_NAME)";
				SDKROOT = iphoneos;
				SKIP_INSTALL = YES;
			};
			name = Debug;
		};
/* End XCBuildConfiguration section */

/* Begin XCConfigurationList section */
		004BC8F6198C36CD000C039B /* Build configuration list for PBXProject "KBKeybase" */ = {
			isa = XCConfigurationList;
			buildConfigurations = (
				004BC90D198C36CD000C039B /* Debug */,
				004BC90E198C36CD000C039B /* Release */,
			);
			defaultConfigurationIsVisible = 0;
			defaultConfigurationName = Release;
		};
		004BC90F198C36CD000C039B /* Build configuration list for PBXNativeTarget "KBKeybase" */ = {
			isa = XCConfigurationList;
			buildConfigurations = (
				004BC910198C36CD000C039B /* Debug */,
				004BC911198C36CD000C039B /* Release */,
			);
			defaultConfigurationIsVisible = 0;
			defaultConfigurationName = Release;
		};
		9A1D49BD569241FBB7D0E687 /* Build configuration list for PBXNativeTarget "Tests" */ = {
			isa = XCConfigurationList;
			buildConfigurations = (
				722CCDE28A904ACD90A76CC2 /* Release */,
				8211172EA1014DEA998CA1E3 /* Debug */,
			);
			defaultConfigurationIsVisible = 0;
			defaultConfigurationName = Release;
		};
/* End XCConfigurationList section */
	};
	rootObject = 004BC8F3198C36CD000C039B /* Project object */;
}
