// !$*UTF8*$!
{
	archiveVersion = 1;
	classes = {
	};
	objectVersion = 46;
	objects = {

/* Begin PBXBuildFile section */
		00358CB81A5E25920052B016 /* KBKey.m in Sources */ = {isa = PBXBuildFile; fileRef = 00358CB71A5E25920052B016 /* KBKey.m */; };
		00358CB91A5E25920052B016 /* KBKey.m in Sources */ = {isa = PBXBuildFile; fileRef = 00358CB71A5E25920052B016 /* KBKey.m */; };
		00358CBE1A5E26630052B016 /* KBPGPMessage.m in Sources */ = {isa = PBXBuildFile; fileRef = 00358CBD1A5E26630052B016 /* KBPGPMessage.m */; };
		00358CBF1A5E26630052B016 /* KBPGPMessage.m in Sources */ = {isa = PBXBuildFile; fileRef = 00358CBD1A5E26630052B016 /* KBPGPMessage.m */; };
		00358CEB1A5E28220052B016 /* KBDNSQuery.m in Sources */ = {isa = PBXBuildFile; fileRef = 00358CC31A5E28220052B016 /* KBDNSQuery.m */; };
		00358CEC1A5E28220052B016 /* KBDNSQuery.m in Sources */ = {isa = PBXBuildFile; fileRef = 00358CC31A5E28220052B016 /* KBDNSQuery.m */; };
		00358CED1A5E28220052B016 /* KBClient.m in Sources */ = {isa = PBXBuildFile; fileRef = 00358CC51A5E28220052B016 /* KBClient.m */; };
		00358CEE1A5E28220052B016 /* KBClient.m in Sources */ = {isa = PBXBuildFile; fileRef = 00358CC51A5E28220052B016 /* KBClient.m */; };
		00358CEF1A5E28220052B016 /* KBClientKeyRing.m in Sources */ = {isa = PBXBuildFile; fileRef = 00358CC71A5E28220052B016 /* KBClientKeyRing.m */; };
		00358CF01A5E28220052B016 /* KBClientKeyRing.m in Sources */ = {isa = PBXBuildFile; fileRef = 00358CC71A5E28220052B016 /* KBClientKeyRing.m */; };
		00358CF11A5E28220052B016 /* KBError.m in Sources */ = {isa = PBXBuildFile; fileRef = 00358CCA1A5E28220052B016 /* KBError.m */; };
		00358CF21A5E28220052B016 /* KBError.m in Sources */ = {isa = PBXBuildFile; fileRef = 00358CCA1A5E28220052B016 /* KBError.m */; };
		00358CF31A5E28220052B016 /* KBProofVerification.m in Sources */ = {isa = PBXBuildFile; fileRef = 00358CCD1A5E28220052B016 /* KBProofVerification.m */; };
		00358CF41A5E28220052B016 /* KBProofVerification.m in Sources */ = {isa = PBXBuildFile; fileRef = 00358CCD1A5E28220052B016 /* KBProofVerification.m */; };
		00358CF51A5E28220052B016 /* KBRequestSerializer.m in Sources */ = {isa = PBXBuildFile; fileRef = 00358CCF1A5E28220052B016 /* KBRequestSerializer.m */; };
		00358CF61A5E28220052B016 /* KBRequestSerializer.m in Sources */ = {isa = PBXBuildFile; fileRef = 00358CCF1A5E28220052B016 /* KBRequestSerializer.m */; };
		00358CF71A5E28220052B016 /* KBResponseSerializer.m in Sources */ = {isa = PBXBuildFile; fileRef = 00358CD11A5E28220052B016 /* KBResponseSerializer.m */; };
		00358CF81A5E28220052B016 /* KBResponseSerializer.m in Sources */ = {isa = PBXBuildFile; fileRef = 00358CD11A5E28220052B016 /* KBResponseSerializer.m */; };
		00358CF91A5E28220052B016 /* KBSerialBox.m in Sources */ = {isa = PBXBuildFile; fileRef = 00358CD31A5E28220052B016 /* KBSerialBox.m */; };
		00358CFA1A5E28220052B016 /* KBSerialBox.m in Sources */ = {isa = PBXBuildFile; fileRef = 00358CD31A5E28220052B016 /* KBSerialBox.m */; };
		00358CFB1A5E28220052B016 /* KBSession.m in Sources */ = {isa = PBXBuildFile; fileRef = 00358CD51A5E28220052B016 /* KBSession.m */; };
		00358CFC1A5E28220052B016 /* KBSession.m in Sources */ = {isa = PBXBuildFile; fileRef = 00358CD51A5E28220052B016 /* KBSession.m */; };
		00358D131A5E29C70052B016 /* KBPGPKey.m in Sources */ = {isa = PBXBuildFile; fileRef = 00358D121A5E29C70052B016 /* KBPGPKey.m */; };
		00358D141A5E29C70052B016 /* KBPGPKey.m in Sources */ = {isa = PBXBuildFile; fileRef = 00358D121A5E29C70052B016 /* KBPGPKey.m */; };
		00358D171A5E29EE0052B016 /* KBPGPKeyRing.m in Sources */ = {isa = PBXBuildFile; fileRef = 00358D161A5E29EE0052B016 /* KBPGPKeyRing.m */; };
		00358D181A5E29EE0052B016 /* KBPGPKeyRing.m in Sources */ = {isa = PBXBuildFile; fileRef = 00358D161A5E29EE0052B016 /* KBPGPKeyRing.m */; };
		00358D1B1A5E2A220052B016 /* KBSigner.m in Sources */ = {isa = PBXBuildFile; fileRef = 00358D1A1A5E2A220052B016 /* KBSigner.m */; };
		00358D1C1A5E2A220052B016 /* KBSigner.m in Sources */ = {isa = PBXBuildFile; fileRef = 00358D1A1A5E2A220052B016 /* KBSigner.m */; };
		00358D321A5E2B7C0052B016 /* KBBitcoinAddress.m in Sources */ = {isa = PBXBuildFile; fileRef = 00358D1F1A5E2B7C0052B016 /* KBBitcoinAddress.m */; };
		00358D331A5E2B7C0052B016 /* KBBitcoinAddress.m in Sources */ = {isa = PBXBuildFile; fileRef = 00358D1F1A5E2B7C0052B016 /* KBBitcoinAddress.m */; };
		00358D341A5E2B7C0052B016 /* KBImage.m in Sources */ = {isa = PBXBuildFile; fileRef = 00358D211A5E2B7C0052B016 /* KBImage.m */; };
		00358D351A5E2B7C0052B016 /* KBImage.m in Sources */ = {isa = PBXBuildFile; fileRef = 00358D211A5E2B7C0052B016 /* KBImage.m */; };
		00358D361A5E2B7C0052B016 /* KBPrivateKey.m in Sources */ = {isa = PBXBuildFile; fileRef = 00358D231A5E2B7C0052B016 /* KBPrivateKey.m */; };
		00358D371A5E2B7C0052B016 /* KBPrivateKey.m in Sources */ = {isa = PBXBuildFile; fileRef = 00358D231A5E2B7C0052B016 /* KBPrivateKey.m */; };
		00358D381A5E2B7C0052B016 /* KBProof.m in Sources */ = {isa = PBXBuildFile; fileRef = 00358D251A5E2B7C0052B016 /* KBProof.m */; };
		00358D391A5E2B7C0052B016 /* KBProof.m in Sources */ = {isa = PBXBuildFile; fileRef = 00358D251A5E2B7C0052B016 /* KBProof.m */; };
		00358D3A1A5E2B7C0052B016 /* KBPublicKey.m in Sources */ = {isa = PBXBuildFile; fileRef = 00358D271A5E2B7C0052B016 /* KBPublicKey.m */; };
		00358D3B1A5E2B7C0052B016 /* KBPublicKey.m in Sources */ = {isa = PBXBuildFile; fileRef = 00358D271A5E2B7C0052B016 /* KBPublicKey.m */; };
		00358D3C1A5E2B7C0052B016 /* KBSearchResult.m in Sources */ = {isa = PBXBuildFile; fileRef = 00358D291A5E2B7C0052B016 /* KBSearchResult.m */; };
		00358D3D1A5E2B7C0052B016 /* KBSearchResult.m in Sources */ = {isa = PBXBuildFile; fileRef = 00358D291A5E2B7C0052B016 /* KBSearchResult.m */; };
		00358D3E1A5E2B7C0052B016 /* KBSessionUser.m in Sources */ = {isa = PBXBuildFile; fileRef = 00358D2B1A5E2B7C0052B016 /* KBSessionUser.m */; };
		00358D3F1A5E2B7C0052B016 /* KBSessionUser.m in Sources */ = {isa = PBXBuildFile; fileRef = 00358D2B1A5E2B7C0052B016 /* KBSessionUser.m */; };
		00358D401A5E2B7C0052B016 /* KBSignature.m in Sources */ = {isa = PBXBuildFile; fileRef = 00358D2D1A5E2B7C0052B016 /* KBSignature.m */; };
		00358D411A5E2B7C0052B016 /* KBSignature.m in Sources */ = {isa = PBXBuildFile; fileRef = 00358D2D1A5E2B7C0052B016 /* KBSignature.m */; };
		00358D421A5E2B7C0052B016 /* KBSignatureProof.m in Sources */ = {isa = PBXBuildFile; fileRef = 00358D2F1A5E2B7C0052B016 /* KBSignatureProof.m */; };
		00358D431A5E2B7C0052B016 /* KBSignatureProof.m in Sources */ = {isa = PBXBuildFile; fileRef = 00358D2F1A5E2B7C0052B016 /* KBSignatureProof.m */; };
		00358D441A5E2B7C0052B016 /* KBUser.m in Sources */ = {isa = PBXBuildFile; fileRef = 00358D311A5E2B7C0052B016 /* KBUser.m */; };
		00358D451A5E2B7C0052B016 /* KBUser.m in Sources */ = {isa = PBXBuildFile; fileRef = 00358D311A5E2B7C0052B016 /* KBUser.m */; };
		0054F1561991505800908F74 /* gabrielhlocal2_private.json in Resources */ = {isa = PBXBuildFile; fileRef = 0054F1551991505800908F74 /* gabrielhlocal2_private.json */; };
		0054F1581991506900908F74 /* gabrielhlocal2_public.json in Resources */ = {isa = PBXBuildFile; fileRef = 0054F1571991506900908F74 /* gabrielhlocal2_public.json */; };
		93ACD719B5C94F7CB378314A /* libPods-Tests.a in Frameworks */ = {isa = PBXBuildFile; fileRef = CF3D4522CAC644C8B50E85D5 /* libPods-Tests.a */; };
		AAE89D2D7C614CAABCA8C939 /* KBClientTest.m in Sources */ = {isa = PBXBuildFile; fileRef = 04AF233E14104792ACC8B738 /* KBClientTest.m */; };
		B2EAB5CD13004D8CBA822AED /* main.m in Sources */ = {isa = PBXBuildFile; fileRef = B037BD03463B42FF88CC9C7A /* main.m */; };
		CA3E614B151B434986E22987 /* Foundation.framework in Frameworks */ = {isa = PBXBuildFile; fileRef = 3DA8BEF39A6B47CEBE626660 /* Foundation.framework */; };
		D073500E8E5C493FA561D3AB /* libPods.a in Frameworks */ = {isa = PBXBuildFile; fileRef = C63A870D3FE845ECB0AADD3B /* libPods.a */; };
/* End PBXBuildFile section */

/* Begin PBXContainerItemProxy section */
		FC2736121F904C9DBE3BB04F /* PBXContainerItemProxy */ = {
			isa = PBXContainerItemProxy;
			containerPortal = 004BC8F3198C36CD000C039B /* Project object */;
			proxyType = 1;
			remoteGlobalIDString = 004BC8FA198C36CD000C039B;
			remoteInfo = KBKeybase;
		};
/* End PBXContainerItemProxy section */

/* Begin PBXCopyFilesBuildPhase section */
		004BC8F9198C36CD000C039B /* CopyFiles */ = {
			isa = PBXCopyFilesBuildPhase;
			buildActionMask = 2147483647;
			dstPath = "include/$(PRODUCT_NAME)";
			dstSubfolderSpec = 16;
			files = (
			);
			runOnlyForDeploymentPostprocessing = 0;
		};
/* End PBXCopyFilesBuildPhase section */

/* Begin PBXFileReference section */
		00358CB61A5E25920052B016 /* KBKey.h */ = {isa = PBXFileReference; fileEncoding = 4; lastKnownFileType = sourcecode.c.h; path = KBKey.h; sourceTree = "<group>"; };
		00358CB71A5E25920052B016 /* KBKey.m */ = {isa = PBXFileReference; fileEncoding = 4; lastKnownFileType = sourcecode.c.objc; path = KBKey.m; sourceTree = "<group>"; };
		00358CBA1A5E25E20052B016 /* KBKeyRing.h */ = {isa = PBXFileReference; lastKnownFileType = sourcecode.c.h; path = KBKeyRing.h; sourceTree = "<group>"; };
		00358CBB1A5E26170052B016 /* KBCrypto.h */ = {isa = PBXFileReference; lastKnownFileType = sourcecode.c.h; path = KBCrypto.h; sourceTree = "<group>"; };
		00358CBC1A5E26630052B016 /* KBPGPMessage.h */ = {isa = PBXFileReference; fileEncoding = 4; lastKnownFileType = sourcecode.c.h; path = KBPGPMessage.h; sourceTree = "<group>"; };
		00358CBD1A5E26630052B016 /* KBPGPMessage.m */ = {isa = PBXFileReference; fileEncoding = 4; lastKnownFileType = sourcecode.c.objc; path = KBPGPMessage.m; sourceTree = "<group>"; };
		00358CC21A5E28220052B016 /* KBDNSQuery.h */ = {isa = PBXFileReference; fileEncoding = 4; lastKnownFileType = sourcecode.c.h; path = KBDNSQuery.h; sourceTree = "<group>"; };
		00358CC31A5E28220052B016 /* KBDNSQuery.m */ = {isa = PBXFileReference; fileEncoding = 4; lastKnownFileType = sourcecode.c.objc; path = KBDNSQuery.m; sourceTree = "<group>"; };
		00358CC41A5E28220052B016 /* KBClient.h */ = {isa = PBXFileReference; fileEncoding = 4; lastKnownFileType = sourcecode.c.h; path = KBClient.h; sourceTree = "<group>"; };
		00358CC51A5E28220052B016 /* KBClient.m */ = {isa = PBXFileReference; fileEncoding = 4; lastKnownFileType = sourcecode.c.objc; path = KBClient.m; sourceTree = "<group>"; };
		00358CC61A5E28220052B016 /* KBClientKeyRing.h */ = {isa = PBXFileReference; fileEncoding = 4; lastKnownFileType = sourcecode.c.h; path = KBClientKeyRing.h; sourceTree = "<group>"; };
		00358CC71A5E28220052B016 /* KBClientKeyRing.m */ = {isa = PBXFileReference; fileEncoding = 4; lastKnownFileType = sourcecode.c.objc; path = KBClientKeyRing.m; sourceTree = "<group>"; };
		00358CC81A5E28220052B016 /* KBDefines.h */ = {isa = PBXFileReference; fileEncoding = 4; lastKnownFileType = sourcecode.c.h; path = KBDefines.h; sourceTree = "<group>"; };
		00358CC91A5E28220052B016 /* KBError.h */ = {isa = PBXFileReference; fileEncoding = 4; lastKnownFileType = sourcecode.c.h; path = KBError.h; sourceTree = "<group>"; };
		00358CCA1A5E28220052B016 /* KBError.m */ = {isa = PBXFileReference; fileEncoding = 4; lastKnownFileType = sourcecode.c.objc; path = KBError.m; sourceTree = "<group>"; };
		00358CCB1A5E28220052B016 /* KBKeybase.h */ = {isa = PBXFileReference; fileEncoding = 4; lastKnownFileType = sourcecode.c.h; path = KBKeybase.h; sourceTree = "<group>"; };
		00358CCC1A5E28220052B016 /* KBProofVerification.h */ = {isa = PBXFileReference; fileEncoding = 4; lastKnownFileType = sourcecode.c.h; path = KBProofVerification.h; sourceTree = "<group>"; };
		00358CCD1A5E28220052B016 /* KBProofVerification.m */ = {isa = PBXFileReference; fileEncoding = 4; lastKnownFileType = sourcecode.c.objc; path = KBProofVerification.m; sourceTree = "<group>"; };
		00358CCE1A5E28220052B016 /* KBRequestSerializer.h */ = {isa = PBXFileReference; fileEncoding = 4; lastKnownFileType = sourcecode.c.h; path = KBRequestSerializer.h; sourceTree = "<group>"; };
		00358CCF1A5E28220052B016 /* KBRequestSerializer.m */ = {isa = PBXFileReference; fileEncoding = 4; lastKnownFileType = sourcecode.c.objc; path = KBRequestSerializer.m; sourceTree = "<group>"; };
		00358CD01A5E28220052B016 /* KBResponseSerializer.h */ = {isa = PBXFileReference; fileEncoding = 4; lastKnownFileType = sourcecode.c.h; path = KBResponseSerializer.h; sourceTree = "<group>"; };
		00358CD11A5E28220052B016 /* KBResponseSerializer.m */ = {isa = PBXFileReference; fileEncoding = 4; lastKnownFileType = sourcecode.c.objc; path = KBResponseSerializer.m; sourceTree = "<group>"; };
		00358CD21A5E28220052B016 /* KBSerialBox.h */ = {isa = PBXFileReference; fileEncoding = 4; lastKnownFileType = sourcecode.c.h; path = KBSerialBox.h; sourceTree = "<group>"; };
		00358CD31A5E28220052B016 /* KBSerialBox.m */ = {isa = PBXFileReference; fileEncoding = 4; lastKnownFileType = sourcecode.c.objc; path = KBSerialBox.m; sourceTree = "<group>"; };
		00358CD41A5E28220052B016 /* KBSession.h */ = {isa = PBXFileReference; fileEncoding = 4; lastKnownFileType = sourcecode.c.h; path = KBSession.h; sourceTree = "<group>"; };
		00358CD51A5E28220052B016 /* KBSession.m */ = {isa = PBXFileReference; fileEncoding = 4; lastKnownFileType = sourcecode.c.objc; path = KBSession.m; sourceTree = "<group>"; };
		00358D111A5E29C70052B016 /* KBPGPKey.h */ = {isa = PBXFileReference; fileEncoding = 4; lastKnownFileType = sourcecode.c.h; path = KBPGPKey.h; sourceTree = "<group>"; };
		00358D121A5E29C70052B016 /* KBPGPKey.m */ = {isa = PBXFileReference; fileEncoding = 4; lastKnownFileType = sourcecode.c.objc; path = KBPGPKey.m; sourceTree = "<group>"; };
		00358D151A5E29EE0052B016 /* KBPGPKeyRing.h */ = {isa = PBXFileReference; fileEncoding = 4; lastKnownFileType = sourcecode.c.h; path = KBPGPKeyRing.h; sourceTree = "<group>"; };
		00358D161A5E29EE0052B016 /* KBPGPKeyRing.m */ = {isa = PBXFileReference; fileEncoding = 4; lastKnownFileType = sourcecode.c.objc; path = KBPGPKeyRing.m; sourceTree = "<group>"; };
		00358D191A5E2A220052B016 /* KBSigner.h */ = {isa = PBXFileReference; fileEncoding = 4; lastKnownFileType = sourcecode.c.h; path = KBSigner.h; sourceTree = "<group>"; };
		00358D1A1A5E2A220052B016 /* KBSigner.m */ = {isa = PBXFileReference; fileEncoding = 4; lastKnownFileType = sourcecode.c.objc; path = KBSigner.m; sourceTree = "<group>"; };
		00358D1E1A5E2B7C0052B016 /* KBBitcoinAddress.h */ = {isa = PBXFileReference; fileEncoding = 4; lastKnownFileType = sourcecode.c.h; path = KBBitcoinAddress.h; sourceTree = "<group>"; };
		00358D1F1A5E2B7C0052B016 /* KBBitcoinAddress.m */ = {isa = PBXFileReference; fileEncoding = 4; lastKnownFileType = sourcecode.c.objc; path = KBBitcoinAddress.m; sourceTree = "<group>"; };
		00358D201A5E2B7C0052B016 /* KBImage.h */ = {isa = PBXFileReference; fileEncoding = 4; lastKnownFileType = sourcecode.c.h; path = KBImage.h; sourceTree = "<group>"; };
		00358D211A5E2B7C0052B016 /* KBImage.m */ = {isa = PBXFileReference; fileEncoding = 4; lastKnownFileType = sourcecode.c.objc; path = KBImage.m; sourceTree = "<group>"; };
		00358D221A5E2B7C0052B016 /* KBPrivateKey.h */ = {isa = PBXFileReference; fileEncoding = 4; lastKnownFileType = sourcecode.c.h; path = KBPrivateKey.h; sourceTree = "<group>"; };
		00358D231A5E2B7C0052B016 /* KBPrivateKey.m */ = {isa = PBXFileReference; fileEncoding = 4; lastKnownFileType = sourcecode.c.objc; path = KBPrivateKey.m; sourceTree = "<group>"; };
		00358D241A5E2B7C0052B016 /* KBProof.h */ = {isa = PBXFileReference; fileEncoding = 4; lastKnownFileType = sourcecode.c.h; path = KBProof.h; sourceTree = "<group>"; };
		00358D251A5E2B7C0052B016 /* KBProof.m */ = {isa = PBXFileReference; fileEncoding = 4; lastKnownFileType = sourcecode.c.objc; path = KBProof.m; sourceTree = "<group>"; };
		00358D261A5E2B7C0052B016 /* KBPublicKey.h */ = {isa = PBXFileReference; fileEncoding = 4; lastKnownFileType = sourcecode.c.h; path = KBPublicKey.h; sourceTree = "<group>"; };
		00358D271A5E2B7C0052B016 /* KBPublicKey.m */ = {isa = PBXFileReference; fileEncoding = 4; lastKnownFileType = sourcecode.c.objc; path = KBPublicKey.m; sourceTree = "<group>"; };
		00358D281A5E2B7C0052B016 /* KBSearchResult.h */ = {isa = PBXFileReference; fileEncoding = 4; lastKnownFileType = sourcecode.c.h; path = KBSearchResult.h; sourceTree = "<group>"; };
		00358D291A5E2B7C0052B016 /* KBSearchResult.m */ = {isa = PBXFileReference; fileEncoding = 4; lastKnownFileType = sourcecode.c.objc; path = KBSearchResult.m; sourceTree = "<group>"; };
		00358D2A1A5E2B7C0052B016 /* KBSessionUser.h */ = {isa = PBXFileReference; fileEncoding = 4; lastKnownFileType = sourcecode.c.h; path = KBSessionUser.h; sourceTree = "<group>"; };
		00358D2B1A5E2B7C0052B016 /* KBSessionUser.m */ = {isa = PBXFileReference; fileEncoding = 4; lastKnownFileType = sourcecode.c.objc; path = KBSessionUser.m; sourceTree = "<group>"; };
		00358D2C1A5E2B7C0052B016 /* KBSignature.h */ = {isa = PBXFileReference; fileEncoding = 4; lastKnownFileType = sourcecode.c.h; path = KBSignature.h; sourceTree = "<group>"; };
		00358D2D1A5E2B7C0052B016 /* KBSignature.m */ = {isa = PBXFileReference; fileEncoding = 4; lastKnownFileType = sourcecode.c.objc; path = KBSignature.m; sourceTree = "<group>"; };
		00358D2E1A5E2B7C0052B016 /* KBSignatureProof.h */ = {isa = PBXFileReference; fileEncoding = 4; lastKnownFileType = sourcecode.c.h; path = KBSignatureProof.h; sourceTree = "<group>"; };
		00358D2F1A5E2B7C0052B016 /* KBSignatureProof.m */ = {isa = PBXFileReference; fileEncoding = 4; lastKnownFileType = sourcecode.c.objc; path = KBSignatureProof.m; sourceTree = "<group>"; };
		00358D301A5E2B7C0052B016 /* KBUser.h */ = {isa = PBXFileReference; fileEncoding = 4; lastKnownFileType = sourcecode.c.h; path = KBUser.h; sourceTree = "<group>"; };
		00358D311A5E2B7C0052B016 /* KBUser.m */ = {isa = PBXFileReference; fileEncoding = 4; lastKnownFileType = sourcecode.c.objc; path = KBUser.m; sourceTree = "<group>"; };
		004BC8FB198C36CD000C039B /* libKBKeybase.a */ = {isa = PBXFileReference; explicitFileType = archive.ar; includeInIndex = 0; path = libKBKeybase.a; sourceTree = BUILT_PRODUCTS_DIR; };
		004BC946198C37FC000C039B /* Podfile */ = {isa = PBXFileReference; fileEncoding = 4; lastKnownFileType = text; path = Podfile; sourceTree = "<group>"; xcLanguageSpecificationIdentifier = xcode.lang.ruby; };
		004BC94B198C4032000C039B /* KBKeybase.podspec */ = {isa = PBXFileReference; fileEncoding = 4; lastKnownFileType = text; path = KBKeybase.podspec; sourceTree = "<group>"; };
		004BC94C198C416D000C039B /* README.md */ = {isa = PBXFileReference; fileEncoding = 4; lastKnownFileType = net.daringfireball.markdown; path = README.md; sourceTree = "<group>"; };
		0054F1551991505800908F74 /* gabrielhlocal2_private.json */ = {isa = PBXFileReference; fileEncoding = 4; lastKnownFileType = text.json; path = gabrielhlocal2_private.json; sourceTree = "<group>"; };
		0054F1571991506900908F74 /* gabrielhlocal2_public.json */ = {isa = PBXFileReference; fileEncoding = 4; lastKnownFileType = text.json; path = gabrielhlocal2_public.json; sourceTree = "<group>"; };
		04AF233E14104792ACC8B738 /* KBClientTest.m */ = {isa = PBXFileReference; includeInIndex = 1; lastKnownFileType = sourcecode.c.objc; name = KBClientTest.m; path = Tests/KBClientTest.m; sourceTree = "<group>"; };
		0919B5DAD278B400BC23B0A3 /* Pods-Tests.debug.xcconfig */ = {isa = PBXFileReference; includeInIndex = 1; lastKnownFileType = text.xcconfig; name = "Pods-Tests.debug.xcconfig"; path = "Pods/Target Support Files/Pods-Tests/Pods-Tests.debug.xcconfig"; sourceTree = "<group>"; };
		3DA8BEF39A6B47CEBE626660 /* Foundation.framework */ = {isa = PBXFileReference; lastKnownFileType = wrapper.framework; name = Foundation.framework; path = Platforms/iPhoneOS.platform/Developer/SDKs/iPhoneOS7.1.sdk/System/Library/Frameworks/Foundation.framework; sourceTree = DEVELOPER_DIR; };
		AAA5BCC6B58F8E244E8AE657 /* Pods.debug.xcconfig */ = {isa = PBXFileReference; includeInIndex = 1; lastKnownFileType = text.xcconfig; name = Pods.debug.xcconfig; path = "Pods/Target Support Files/Pods/Pods.debug.xcconfig"; sourceTree = "<group>"; };
		AEE370DB9B1D2F618C91D553 /* Pods-Tests.release.xcconfig */ = {isa = PBXFileReference; includeInIndex = 1; lastKnownFileType = text.xcconfig; name = "Pods-Tests.release.xcconfig"; path = "Pods/Target Support Files/Pods-Tests/Pods-Tests.release.xcconfig"; sourceTree = "<group>"; };
		B037BD03463B42FF88CC9C7A /* main.m */ = {isa = PBXFileReference; includeInIndex = 1; lastKnownFileType = sourcecode.c.objc; name = main.m; path = Tests/main.m; sourceTree = "<group>"; };
		B29DA3C7E1110D81248E334B /* Pods.release.xcconfig */ = {isa = PBXFileReference; includeInIndex = 1; lastKnownFileType = text.xcconfig; name = Pods.release.xcconfig; path = "Pods/Target Support Files/Pods/Pods.release.xcconfig"; sourceTree = "<group>"; };
		C63A870D3FE845ECB0AADD3B /* libPods.a */ = {isa = PBXFileReference; explicitFileType = archive.ar; includeInIndex = 0; path = libPods.a; sourceTree = BUILT_PRODUCTS_DIR; };
		CF3D4522CAC644C8B50E85D5 /* libPods-Tests.a */ = {isa = PBXFileReference; explicitFileType = archive.ar; includeInIndex = 0; path = "libPods-Tests.a"; sourceTree = BUILT_PRODUCTS_DIR; };
		F976443DCCC0465D80021996 /* Tests.app */ = {isa = PBXFileReference; explicitFileType = wrapper.application; includeInIndex = 0; path = Tests.app; sourceTree = BUILT_PRODUCTS_DIR; };
/* End PBXFileReference section */

/* Begin PBXFrameworksBuildPhase section */
		004BC8F8198C36CD000C039B /* Frameworks */ = {
			isa = PBXFrameworksBuildPhase;
			buildActionMask = 2147483647;
			files = (
				D073500E8E5C493FA561D3AB /* libPods.a in Frameworks */,
			);
			runOnlyForDeploymentPostprocessing = 0;
		};
		57157AD60D3E433EACC6C990 /* Frameworks */ = {
			isa = PBXFrameworksBuildPhase;
			buildActionMask = 2147483647;
			files = (
				CA3E614B151B434986E22987 /* Foundation.framework in Frameworks */,
				93ACD719B5C94F7CB378314A /* libPods-Tests.a in Frameworks */,
			);
			runOnlyForDeploymentPostprocessing = 0;
		};
/* End PBXFrameworksBuildPhase section */

/* Begin PBXGroup section */
		00358CB51A5E258B0052B016 /* Crypto */ = {
			isa = PBXGroup;
			children = (
				00358CBB1A5E26170052B016 /* KBCrypto.h */,
				00358CB61A5E25920052B016 /* KBKey.h */,
				00358CB71A5E25920052B016 /* KBKey.m */,
				00358CBA1A5E25E20052B016 /* KBKeyRing.h */,
				00358CBC1A5E26630052B016 /* KBPGPMessage.h */,
				00358CBD1A5E26630052B016 /* KBPGPMessage.m */,
				00358D111A5E29C70052B016 /* KBPGPKey.h */,
				00358D121A5E29C70052B016 /* KBPGPKey.m */,
				00358D151A5E29EE0052B016 /* KBPGPKeyRing.h */,
				00358D161A5E29EE0052B016 /* KBPGPKeyRing.m */,
				00358D191A5E2A220052B016 /* KBSigner.h */,
				00358D1A1A5E2A220052B016 /* KBSigner.m */,
			);
			path = Crypto;
			sourceTree = "<group>";
		};
		00358CC01A5E28220052B016 /* Client */ = {
			isa = PBXGroup;
			children = (
				00358CC11A5E28220052B016 /* DNS */,
				00358CC41A5E28220052B016 /* KBClient.h */,
				00358CC51A5E28220052B016 /* KBClient.m */,
				00358CC61A5E28220052B016 /* KBClientKeyRing.h */,
				00358CC71A5E28220052B016 /* KBClientKeyRing.m */,
				00358CC81A5E28220052B016 /* KBDefines.h */,
				00358CC91A5E28220052B016 /* KBError.h */,
				00358CCA1A5E28220052B016 /* KBError.m */,
				00358CCB1A5E28220052B016 /* KBKeybase.h */,
				00358CCC1A5E28220052B016 /* KBProofVerification.h */,
				00358CCD1A5E28220052B016 /* KBProofVerification.m */,
				00358CCE1A5E28220052B016 /* KBRequestSerializer.h */,
				00358CCF1A5E28220052B016 /* KBRequestSerializer.m */,
				00358CD01A5E28220052B016 /* KBResponseSerializer.h */,
				00358CD11A5E28220052B016 /* KBResponseSerializer.m */,
				00358CD21A5E28220052B016 /* KBSerialBox.h */,
				00358CD31A5E28220052B016 /* KBSerialBox.m */,
				00358CD41A5E28220052B016 /* KBSession.h */,
				00358CD51A5E28220052B016 /* KBSession.m */,
			);
			path = Client;
			sourceTree = "<group>";
		};
		00358CC11A5E28220052B016 /* DNS */ = {
			isa = PBXGroup;
			children = (
				00358CC21A5E28220052B016 /* KBDNSQuery.h */,
				00358CC31A5E28220052B016 /* KBDNSQuery.m */,
			);
			path = DNS;
			sourceTree = "<group>";
		};
		00358D1D1A5E2B7C0052B016 /* Models */ = {
			isa = PBXGroup;
			children = (
				00358D1E1A5E2B7C0052B016 /* KBBitcoinAddress.h */,
				00358D1F1A5E2B7C0052B016 /* KBBitcoinAddress.m */,
				00358D201A5E2B7C0052B016 /* KBImage.h */,
				00358D211A5E2B7C0052B016 /* KBImage.m */,
				00358D221A5E2B7C0052B016 /* KBPrivateKey.h */,
				00358D231A5E2B7C0052B016 /* KBPrivateKey.m */,
				00358D241A5E2B7C0052B016 /* KBProof.h */,
				00358D251A5E2B7C0052B016 /* KBProof.m */,
				00358D261A5E2B7C0052B016 /* KBPublicKey.h */,
				00358D271A5E2B7C0052B016 /* KBPublicKey.m */,
				00358D281A5E2B7C0052B016 /* KBSearchResult.h */,
				00358D291A5E2B7C0052B016 /* KBSearchResult.m */,
				00358D2A1A5E2B7C0052B016 /* KBSessionUser.h */,
				00358D2B1A5E2B7C0052B016 /* KBSessionUser.m */,
				00358D2C1A5E2B7C0052B016 /* KBSignature.h */,
				00358D2D1A5E2B7C0052B016 /* KBSignature.m */,
				00358D2E1A5E2B7C0052B016 /* KBSignatureProof.h */,
				00358D2F1A5E2B7C0052B016 /* KBSignatureProof.m */,
				00358D301A5E2B7C0052B016 /* KBUser.h */,
				00358D311A5E2B7C0052B016 /* KBUser.m */,
			);
			path = Models;
			sourceTree = "<group>";
		};
		004BC8F2198C36CD000C039B = {
			isa = PBXGroup;
			children = (
				004BC94C198C416D000C039B /* README.md */,
				004BC94B198C4032000C039B /* KBKeybase.podspec */,
				004BC946198C37FC000C039B /* Podfile */,
				004BC8FD198C36CD000C039B /* KBKeybase */,
				6B90446B984D47CE86ECF654 /* Tests */,
				004BC8FC198C36CD000C039B /* Products */,
				CD48A32A4DD2492CBBFC0B69 /* Frameworks */,
				5448E67988E0A97DF6E53C9B /* Pods */,
			);
			sourceTree = "<group>";
		};
		004BC8FC198C36CD000C039B /* Products */ = {
			isa = PBXGroup;
			children = (
				004BC8FB198C36CD000C039B /* libKBKeybase.a */,
				F976443DCCC0465D80021996 /* Tests.app */,
			);
			name = Products;
			sourceTree = "<group>";
		};
		004BC8FD198C36CD000C039B /* KBKeybase */ = {
			isa = PBXGroup;
			children = (
				00358D1D1A5E2B7C0052B016 /* Models */,
				00358CC01A5E28220052B016 /* Client */,
				00358CB51A5E258B0052B016 /* Crypto */,
			);
			path = KBKeybase;
			sourceTree = "<group>";
		};
		0054F1541991503600908F74 /* Data */ = {
			isa = PBXGroup;
			children = (
				0054F1551991505800908F74 /* gabrielhlocal2_private.json */,
				0054F1571991506900908F74 /* gabrielhlocal2_public.json */,
			);
			name = Data;
			path = Tests/Data;
			sourceTree = "<group>";
		};
		5448E67988E0A97DF6E53C9B /* Pods */ = {
			isa = PBXGroup;
			children = (
				AAA5BCC6B58F8E244E8AE657 /* Pods.debug.xcconfig */,
				B29DA3C7E1110D81248E334B /* Pods.release.xcconfig */,
				AEE370DB9B1D2F618C91D553 /* Pods-Tests.release.xcconfig */,
				0919B5DAD278B400BC23B0A3 /* Pods-Tests.debug.xcconfig */,
			);
			name = Pods;
			sourceTree = "<group>";
		};
		682E0287DD784D05B59E92B2 /* iOS */ = {
			isa = PBXGroup;
			children = (
				3DA8BEF39A6B47CEBE626660 /* Foundation.framework */,
			);
			name = iOS;
			sourceTree = "<group>";
		};
		6B90446B984D47CE86ECF654 /* Tests */ = {
			isa = PBXGroup;
			children = (
				0054F1541991503600908F74 /* Data */,
				B037BD03463B42FF88CC9C7A /* main.m */,
				04AF233E14104792ACC8B738 /* KBClientTest.m */,
			);
			name = Tests;
			sourceTree = "<group>";
		};
		CD48A32A4DD2492CBBFC0B69 /* Frameworks */ = {
			isa = PBXGroup;
			children = (
				C63A870D3FE845ECB0AADD3B /* libPods.a */,
				682E0287DD784D05B59E92B2 /* iOS */,
				CF3D4522CAC644C8B50E85D5 /* libPods-Tests.a */,
			);
			name = Frameworks;
			sourceTree = "<group>";
		};
/* End PBXGroup section */

/* Begin PBXNativeTarget section */
		004BC8FA198C36CD000C039B /* KBKeybase */ = {
			isa = PBXNativeTarget;
			buildConfigurationList = 004BC90F198C36CD000C039B /* Build configuration list for PBXNativeTarget "KBKeybase" */;
			buildPhases = (
				52E8A5DAD8224F0DA5625BDF /* Check Pods Manifest.lock */,
				004BC8F7198C36CD000C039B /* Sources */,
				004BC8F8198C36CD000C039B /* Frameworks */,
				004BC8F9198C36CD000C039B /* CopyFiles */,
				9023771B045F4EE5A066A57D /* Copy Pods Resources */,
			);
			buildRules = (
			);
			dependencies = (
			);
			name = KBKeybase;
			productName = KBAPI;
			productReference = 004BC8FB198C36CD000C039B /* libKBKeybase.a */;
			productType = "com.apple.product-type.library.static";
		};
		FCC00B86A5814C7089C99512 /* Tests */ = {
			isa = PBXNativeTarget;
			buildConfigurationList = 9A1D49BD569241FBB7D0E687 /* Build configuration list for PBXNativeTarget "Tests" */;
			buildPhases = (
				EA7BC5A84AF0464DB44BCBFD /* Check Pods Manifest.lock */,
				1CFB3DCE9C4248A4BF240301 /* Sources */,
				57157AD60D3E433EACC6C990 /* Frameworks */,
				A450EF128ED248D9BC42CE9B /* Resources */,
				9FD1CA94BC7F49B4B8972949 /* Copy Pods Resources */,
			);
			buildRules = (
			);
			dependencies = (
				93DDCE7908A44F308583DD62 /* PBXTargetDependency */,
			);
			name = Tests;
			productName = Tests;
			productReference = F976443DCCC0465D80021996 /* Tests.app */;
			productType = "com.apple.product-type.application";
		};
/* End PBXNativeTarget section */

/* Begin PBXProject section */
		004BC8F3198C36CD000C039B /* Project object */ = {
			isa = PBXProject;
			attributes = {
				LastUpgradeCheck = 0600;
				ORGANIZATIONNAME = "Gabriel Handford";
				TargetAttributes = {
					004BC8FA198C36CD000C039B = {
						CreatedOnToolsVersion = 6.0;
					};
				};
			};
			buildConfigurationList = 004BC8F6198C36CD000C039B /* Build configuration list for PBXProject "KBKeybase" */;
			compatibilityVersion = "Xcode 3.2";
			developmentRegion = English;
			hasScannedForEncodings = 0;
			knownRegions = (
				en,
			);
			mainGroup = 004BC8F2198C36CD000C039B;
			productRefGroup = 004BC8FC198C36CD000C039B /* Products */;
			projectDirPath = "";
			projectRoot = "";
			targets = (
				004BC8FA198C36CD000C039B /* KBKeybase */,
				FCC00B86A5814C7089C99512 /* Tests */,
			);
		};
/* End PBXProject section */

/* Begin PBXResourcesBuildPhase section */
		A450EF128ED248D9BC42CE9B /* Resources */ = {
			isa = PBXResourcesBuildPhase;
			buildActionMask = 2147483647;
			files = (
				0054F1561991505800908F74 /* gabrielhlocal2_private.json in Resources */,
				0054F1581991506900908F74 /* gabrielhlocal2_public.json in Resources */,
			);
			runOnlyForDeploymentPostprocessing = 0;
		};
/* End PBXResourcesBuildPhase section */

/* Begin PBXShellScriptBuildPhase section */
		52E8A5DAD8224F0DA5625BDF /* Check Pods Manifest.lock */ = {
			isa = PBXShellScriptBuildPhase;
			buildActionMask = 2147483647;
			files = (
			);
			inputPaths = (
			);
			name = "Check Pods Manifest.lock";
			outputPaths = (
			);
			runOnlyForDeploymentPostprocessing = 0;
			shellPath = /bin/sh;
			shellScript = "diff \"${PODS_ROOT}/../Podfile.lock\" \"${PODS_ROOT}/Manifest.lock\" > /dev/null\nif [[ $? != 0 ]] ; then\n    cat << EOM\nerror: The sandbox is not in sync with the Podfile.lock. Run 'pod install' or update your CocoaPods installation.\nEOM\n    exit 1\nfi\n";
			showEnvVarsInLog = 0;
		};
		9023771B045F4EE5A066A57D /* Copy Pods Resources */ = {
			isa = PBXShellScriptBuildPhase;
			buildActionMask = 2147483647;
			files = (
			);
			inputPaths = (
			);
			name = "Copy Pods Resources";
			outputPaths = (
			);
			runOnlyForDeploymentPostprocessing = 0;
			shellPath = /bin/sh;
			shellScript = "\"${SRCROOT}/Pods/Target Support Files/Pods/Pods-resources.sh\"\n";
			showEnvVarsInLog = 0;
		};
		9FD1CA94BC7F49B4B8972949 /* Copy Pods Resources */ = {
			isa = PBXShellScriptBuildPhase;
			buildActionMask = 2147483647;
			files = (
			);
			inputPaths = (
			);
			name = "Copy Pods Resources";
			outputPaths = (
			);
			runOnlyForDeploymentPostprocessing = 0;
			shellPath = /bin/sh;
			shellScript = "\"${SRCROOT}/Pods/Target Support Files/Pods-Tests/Pods-Tests-resources.sh\"\n";
			showEnvVarsInLog = 0;
		};
		EA7BC5A84AF0464DB44BCBFD /* Check Pods Manifest.lock */ = {
			isa = PBXShellScriptBuildPhase;
			buildActionMask = 2147483647;
			files = (
			);
			inputPaths = (
			);
			name = "Check Pods Manifest.lock";
			outputPaths = (
			);
			runOnlyForDeploymentPostprocessing = 0;
			shellPath = /bin/sh;
			shellScript = "diff \"${PODS_ROOT}/../Podfile.lock\" \"${PODS_ROOT}/Manifest.lock\" > /dev/null\nif [[ $? != 0 ]] ; then\n    cat << EOM\nerror: The sandbox is not in sync with the Podfile.lock. Run 'pod install' or update your CocoaPods installation.\nEOM\n    exit 1\nfi\n";
			showEnvVarsInLog = 0;
		};
/* End PBXShellScriptBuildPhase section */

/* Begin PBXSourcesBuildPhase section */
		004BC8F7198C36CD000C039B /* Sources */ = {
			isa = PBXSourcesBuildPhase;
			buildActionMask = 2147483647;
			files = (
				00358D421A5E2B7C0052B016 /* KBSignatureProof.m in Sources */,
				00358D3E1A5E2B7C0052B016 /* KBSessionUser.m in Sources */,
				00358CFB1A5E28220052B016 /* KBSession.m in Sources */,
				00358D3C1A5E2B7C0052B016 /* KBSearchResult.m in Sources */,
				00358D131A5E29C70052B016 /* KBPGPKey.m in Sources */,
				00358CF51A5E28220052B016 /* KBRequestSerializer.m in Sources */,
				00358D401A5E2B7C0052B016 /* KBSignature.m in Sources */,
				00358D441A5E2B7C0052B016 /* KBUser.m in Sources */,
				00358CEF1A5E28220052B016 /* KBClientKeyRing.m in Sources */,
				00358D341A5E2B7C0052B016 /* KBImage.m in Sources */,
				00358CB81A5E25920052B016 /* KBKey.m in Sources */,
				00358D1B1A5E2A220052B016 /* KBSigner.m in Sources */,
				00358CF71A5E28220052B016 /* KBResponseSerializer.m in Sources */,
				00358D321A5E2B7C0052B016 /* KBBitcoinAddress.m in Sources */,
				00358D381A5E2B7C0052B016 /* KBProof.m in Sources */,
				00358D3A1A5E2B7C0052B016 /* KBPublicKey.m in Sources */,
				00358CED1A5E28220052B016 /* KBClient.m in Sources */,
				00358CF31A5E28220052B016 /* KBProofVerification.m in Sources */,
				00358CF91A5E28220052B016 /* KBSerialBox.m in Sources */,
				00358CF11A5E28220052B016 /* KBError.m in Sources */,
				00358CEB1A5E28220052B016 /* KBDNSQuery.m in Sources */,
				00358D171A5E29EE0052B016 /* KBPGPKeyRing.m in Sources */,
				00358D361A5E2B7C0052B016 /* KBPrivateKey.m in Sources */,
				00358CBE1A5E26630052B016 /* KBPGPMessage.m in Sources */,
			);
			runOnlyForDeploymentPostprocessing = 0;
		};
		1CFB3DCE9C4248A4BF240301 /* Sources */ = {
			isa = PBXSourcesBuildPhase;
			buildActionMask = 2147483647;
			files = (
				00358D351A5E2B7C0052B016 /* KBImage.m in Sources */,
				00358D3F1A5E2B7C0052B016 /* KBSessionUser.m in Sources */,
				00358CF61A5E28220052B016 /* KBRequestSerializer.m in Sources */,
				00358D3B1A5E2B7C0052B016 /* KBPublicKey.m in Sources */,
				00358CFC1A5E28220052B016 /* KBSession.m in Sources */,
				00358D1C1A5E2A220052B016 /* KBSigner.m in Sources */,
				B2EAB5CD13004D8CBA822AED /* main.m in Sources */,
				00358CFA1A5E28220052B016 /* KBSerialBox.m in Sources */,
				00358CB91A5E25920052B016 /* KBKey.m in Sources */,
				00358CBF1A5E26630052B016 /* KBPGPMessage.m in Sources */,
				00358CF81A5E28220052B016 /* KBResponseSerializer.m in Sources */,
				00358CF21A5E28220052B016 /* KBError.m in Sources */,
				00358CEC1A5E28220052B016 /* KBDNSQuery.m in Sources */,
				00358D181A5E29EE0052B016 /* KBPGPKeyRing.m in Sources */,
				00358D3D1A5E2B7C0052B016 /* KBSearchResult.m in Sources */,
				00358D431A5E2B7C0052B016 /* KBSignatureProof.m in Sources */,
				00358D411A5E2B7C0052B016 /* KBSignature.m in Sources */,
				00358D451A5E2B7C0052B016 /* KBUser.m in Sources */,
				00358D141A5E29C70052B016 /* KBPGPKey.m in Sources */,
				00358D371A5E2B7C0052B016 /* KBPrivateKey.m in Sources */,
				AAE89D2D7C614CAABCA8C939 /* KBClientTest.m in Sources */,
				00358D391A5E2B7C0052B016 /* KBProof.m in Sources */,
				00358CF01A5E28220052B016 /* KBClientKeyRing.m in Sources */,
				00358D331A5E2B7C0052B016 /* KBBitcoinAddress.m in Sources */,
				00358CEE1A5E28220052B016 /* KBClient.m in Sources */,
				00358CF41A5E28220052B016 /* KBProofVerification.m in Sources */,
			);
			runOnlyForDeploymentPostprocessing = 0;
		};
/* End PBXSourcesBuildPhase section */

/* Begin PBXTargetDependency section */
		93DDCE7908A44F308583DD62 /* PBXTargetDependency */ = {
			isa = PBXTargetDependency;
			target = 004BC8FA198C36CD000C039B /* KBKeybase */;
			targetProxy = FC2736121F904C9DBE3BB04F /* PBXContainerItemProxy */;
		};
/* End PBXTargetDependency section */

/* Begin XCBuildConfiguration section */
		004BC90D198C36CD000C039B /* Debug */ = {
			isa = XCBuildConfiguration;
			buildSettings = {
				ALWAYS_SEARCH_USER_PATHS = NO;
				CLANG_CXX_LANGUAGE_STANDARD = "gnu++0x";
				CLANG_CXX_LIBRARY = "libc++";
				CLANG_ENABLE_MODULES = YES;
				CLANG_ENABLE_OBJC_ARC = YES;
				CLANG_WARN_BOOL_CONVERSION = YES;
				CLANG_WARN_CONSTANT_CONVERSION = YES;
				CLANG_WARN_DIRECT_OBJC_ISA_USAGE = YES_ERROR;
				CLANG_WARN_EMPTY_BODY = YES;
				CLANG_WARN_ENUM_CONVERSION = YES;
				CLANG_WARN_INT_CONVERSION = YES;
				CLANG_WARN_OBJC_ROOT_CLASS = YES_ERROR;
				CLANG_WARN_UNREACHABLE_CODE = YES;
				CLANG_WARN__DUPLICATE_METHOD_MATCH = YES;
				COPY_PHASE_STRIP = NO;
				ENABLE_STRICT_OBJC_MSGSEND = YES;
				GCC_C_LANGUAGE_STANDARD = gnu99;
				GCC_DYNAMIC_NO_PIC = NO;
				GCC_OPTIMIZATION_LEVEL = 0;
				GCC_PREPROCESSOR_DEFINITIONS = (
					"DEBUG=1",
					"$(inherited)",
				);
				GCC_SYMBOLS_PRIVATE_EXTERN = NO;
				GCC_WARN_64_TO_32_BIT_CONVERSION = YES;
				GCC_WARN_ABOUT_RETURN_TYPE = YES_ERROR;
				GCC_WARN_UNDECLARED_SELECTOR = YES;
				GCC_WARN_UNINITIALIZED_AUTOS = YES_AGGRESSIVE;
				GCC_WARN_UNUSED_FUNCTION = YES;
				GCC_WARN_UNUSED_VARIABLE = YES;
				IPHONEOS_DEPLOYMENT_TARGET = 8.0;
				MTL_ENABLE_DEBUG_INFO = YES;
				ONLY_ACTIVE_ARCH = YES;
				SDKROOT = iphoneos;
			};
			name = Debug;
		};
		004BC90E198C36CD000C039B /* Release */ = {
			isa = XCBuildConfiguration;
			buildSettings = {
				ALWAYS_SEARCH_USER_PATHS = NO;
				CLANG_CXX_LANGUAGE_STANDARD = "gnu++0x";
				CLANG_CXX_LIBRARY = "libc++";
				CLANG_ENABLE_MODULES = YES;
				CLANG_ENABLE_OBJC_ARC = YES;
				CLANG_WARN_BOOL_CONVERSION = YES;
				CLANG_WARN_CONSTANT_CONVERSION = YES;
				CLANG_WARN_DIRECT_OBJC_ISA_USAGE = YES_ERROR;
				CLANG_WARN_EMPTY_BODY = YES;
				CLANG_WARN_ENUM_CONVERSION = YES;
				CLANG_WARN_INT_CONVERSION = YES;
				CLANG_WARN_OBJC_ROOT_CLASS = YES_ERROR;
				CLANG_WARN_UNREACHABLE_CODE = YES;
				CLANG_WARN__DUPLICATE_METHOD_MATCH = YES;
				COPY_PHASE_STRIP = YES;
				ENABLE_NS_ASSERTIONS = NO;
				ENABLE_STRICT_OBJC_MSGSEND = YES;
				GCC_C_LANGUAGE_STANDARD = gnu99;
				GCC_WARN_64_TO_32_BIT_CONVERSION = YES;
				GCC_WARN_ABOUT_RETURN_TYPE = YES_ERROR;
				GCC_WARN_UNDECLARED_SELECTOR = YES;
				GCC_WARN_UNINITIALIZED_AUTOS = YES_AGGRESSIVE;
				GCC_WARN_UNUSED_FUNCTION = YES;
				GCC_WARN_UNUSED_VARIABLE = YES;
				IPHONEOS_DEPLOYMENT_TARGET = 8.0;
				MTL_ENABLE_DEBUG_INFO = NO;
				SDKROOT = iphoneos;
				VALIDATE_PRODUCT = YES;
			};
			name = Release;
		};
		004BC910198C36CD000C039B /* Debug */ = {
			isa = XCBuildConfiguration;
			baseConfigurationReference = AAA5BCC6B58F8E244E8AE657 /* Pods.debug.xcconfig */;
			buildSettings = {
				IPHONEOS_DEPLOYMENT_TARGET = 7.0;
				PRODUCT_NAME = KBKeybase;
				SKIP_INSTALL = YES;
			};
			name = Debug;
		};
		004BC911198C36CD000C039B /* Release */ = {
			isa = XCBuildConfiguration;
			baseConfigurationReference = B29DA3C7E1110D81248E334B /* Pods.release.xcconfig */;
			buildSettings = {
				IPHONEOS_DEPLOYMENT_TARGET = 7.0;
				PRODUCT_NAME = KBKeybase;
				SKIP_INSTALL = YES;
			};
			name = Release;
		};
		722CCDE28A904ACD90A76CC2 /* Release */ = {
			isa = XCBuildConfiguration;
			baseConfigurationReference = AEE370DB9B1D2F618C91D553 /* Pods-Tests.release.xcconfig */;
			buildSettings = {
				ALWAYS_SEARCH_USER_PATHS = NO;
				COPY_PHASE_STRIP = YES;
				DSTROOT = /tmp/xcodeproj.dst;
				GCC_C_LANGUAGE_STANDARD = gnu99;
				GCC_PRECOMPILE_PREFIX_HEADER = YES;
				GCC_VERSION = com.apple.compilers.llvm.clang.1_0;
				INFOPLIST_FILE = "Tests/Tests-Info.plist";
				INSTALL_PATH = "$(BUILT_PRODUCTS_DIR)";
				IPHONEOS_DEPLOYMENT_TARGET = 7.0;
				OTHER_CFLAGS = (
					"-DNS_BLOCK_ASSERTIONS=1",
					"$(inherited)",
				);
				OTHER_CPLUSPLUSFLAGS = (
					"-DNS_BLOCK_ASSERTIONS=1",
					"$(inherited)",
				);
				PRODUCT_NAME = "$(TARGET_NAME)";
				PUBLIC_HEADERS_FOLDER_PATH = "$(TARGET_NAME)";
				SDKROOT = iphoneos;
				SKIP_INSTALL = YES;
				VALIDATE_PRODUCT = YES;
			};
			name = Release;
		};
		8211172EA1014DEA998CA1E3 /* Debug */ = {
			isa = XCBuildConfiguration;
			baseConfigurationReference = 0919B5DAD278B400BC23B0A3 /* Pods-Tests.debug.xcconfig */;
			buildSettings = {
				ALWAYS_SEARCH_USER_PATHS = NO;
				COPY_PHASE_STRIP = NO;
				DSTROOT = /tmp/xcodeproj.dst;
				GCC_C_LANGUAGE_STANDARD = gnu99;
				GCC_DYNAMIC_NO_PIC = NO;
				GCC_OPTIMIZATION_LEVEL = 0;
				GCC_PRECOMPILE_PREFIX_HEADER = YES;
				GCC_PREPROCESSOR_DEFINITIONS = (
					"DEBUG=1",
					"$(inherited)",
				);
				GCC_SYMBOLS_PRIVATE_EXTERN = NO;
				GCC_VERSION = com.apple.compilers.llvm.clang.1_0;
				INFOPLIST_FILE = "Tests/Tests-Info.plist";
				INSTALL_PATH = "$(BUILT_PRODUCTS_DIR)";
				IPHONEOS_DEPLOYMENT_TARGET = 7.0;
				PRODUCT_NAME = "$(TARGET_NAME)";
				PUBLIC_HEADERS_FOLDER_PATH = "$(TARGET_NAME)";
				SDKROOT = iphoneos;
				SKIP_INSTALL = YES;
			};
			name = Debug;
		};
/* End XCBuildConfiguration section */

/* Begin XCConfigurationList section */
		004BC8F6198C36CD000C039B /* Build configuration list for PBXProject "KBKeybase" */ = {
			isa = XCConfigurationList;
			buildConfigurations = (
				004BC90D198C36CD000C039B /* Debug */,
				004BC90E198C36CD000C039B /* Release */,
			);
			defaultConfigurationIsVisible = 0;
			defaultConfigurationName = Release;
		};
		004BC90F198C36CD000C039B /* Build configuration list for PBXNativeTarget "KBKeybase" */ = {
			isa = XCConfigurationList;
			buildConfigurations = (
				004BC910198C36CD000C039B /* Debug */,
				004BC911198C36CD000C039B /* Release */,
			);
			defaultConfigurationIsVisible = 0;
			defaultConfigurationName = Release;
		};
		9A1D49BD569241FBB7D0E687 /* Build configuration list for PBXNativeTarget "Tests" */ = {
			isa = XCConfigurationList;
			buildConfigurations = (
				722CCDE28A904ACD90A76CC2 /* Release */,
				8211172EA1014DEA998CA1E3 /* Debug */,
			);
			defaultConfigurationIsVisible = 0;
			defaultConfigurationName = Release;
		};
/* End XCConfigurationList section */
	};
	rootObject = 004BC8F3198C36CD000C039B /* Project object */;
}
